
Microsoft Visual Studio Solution File, Format Version 12.00
# Visual Studio Version 17
VisualStudioVersion = 17.4.33213.308
MinimumVisualStudioVersion = 10.0.40219.1
Project("{9A19103F-16F7-4668-BE54-9A1E7A4F7556}") = "1001-extremamente-basico", "1001-extremamente-basico\1001-extremamente-basico.csproj", "{65170B3D-1BB1-456C-B37E-790F1625D9F7}"
EndProject
Project("{9A19103F-16F7-4668-BE54-9A1E7A4F7556}") = "1002-area-do-circulo", "1002-area-do-circulo\1002-area-do-circulo.csproj", "{184F2669-41B3-4687-96C3-E69E69E5A3D4}"
EndProject
Project("{9A19103F-16F7-4668-BE54-9A1E7A4F7556}") = "1003-soma-simples", "1003-soma-simples\1003-soma-simples.csproj", "{02CAA1B4-4336-4BBA-9BB7-6BFF419635A8}"
EndProject
Project("{9A19103F-16F7-4668-BE54-9A1E7A4F7556}") = "1004-produtos-simples", "1004-produtos-simples\1004-produtos-simples.csproj", "{56460286-7916-4E74-9D99-D71EEFCD9F72}"
EndProject
Project("{9A19103F-16F7-4668-BE54-9A1E7A4F7556}") = "1005-media-1", "1005-media-1\1005-media-1.csproj", "{D38575A5-5886-408F-91E4-2255DAE78ABA}"
EndProject
Project("{9A19103F-16F7-4668-BE54-9A1E7A4F7556}") = "1006-media-2", "1006-media-2\1006-media-2.csproj", "{179C0EC0-4D22-4E3B-A58D-E4681ECE24F9}"
EndProject
Project("{9A19103F-16F7-4668-BE54-9A1E7A4F7556}") = "1007-diferenca", "1007-diferenca\1007-diferenca.csproj", "{BE1057BA-36E9-40C1-9D35-0194C1E4A208}"
EndProject
Project("{9A19103F-16F7-4668-BE54-9A1E7A4F7556}") = "1008-salario", "1008-salario\1008-salario.csproj", "{F26FF386-8A86-4F8C-BB6C-0B8E57CAAAE3}"
EndProject
Project("{9A19103F-16F7-4668-BE54-9A1E7A4F7556}") = "1009-salario-com-bonus", "1009-salario-com-bonus\1009-salario-com-bonus.csproj", "{9AA40E58-2182-46E4-9D64-7DDC51B7E229}"
EndProject
Project("{2150E333-8FDC-42A3-9474-1A3956D46DE8}") = "resolvidos", "resolvidos", "{0B97082A-06B2-468C-9037-CADC43B08057}"
EndProject
Project("{2150E333-8FDC-42A3-9474-1A3956D46DE8}") = "1-facil", "1-facil", "{0739063A-FC20-49ED-B750-D95F42BA2CA1}"
EndProject
Project("{2150E333-8FDC-42A3-9474-1A3956D46DE8}") = "2-medio", "2-medio", "{E503796E-887A-4355-B518-1821A84DD15D}"
EndProject
Project("{2150E333-8FDC-42A3-9474-1A3956D46DE8}") = "3-dificil", "3-dificil", "{5B7E0409-DB85-46BD-802F-DED5D952D216}"
EndProject
Project("{9A19103F-16F7-4668-BE54-9A1E7A4F7556}") = "1010-calculo-simples", "1010-calculo-simples\1010-calculo-simples.csproj", "{DD54E168-1CD2-49F7-B39B-68DDFC03A2A9}"
EndProject
Project("{9A19103F-16F7-4668-BE54-9A1E7A4F7556}") = "1011-esfera", "1011-esfera\1011-esfera.csproj", "{6941B739-7711-4469-8E7D-B8CAD550783F}"
EndProject
Project("{9A19103F-16F7-4668-BE54-9A1E7A4F7556}") = "1012-area", "1012-area\1012-area.csproj", "{41416D0D-5988-444D-A0C6-2295B557ED0D}"
EndProject
Project("{9A19103F-16F7-4668-BE54-9A1E7A4F7556}") = "1013-o-maior", "1013-o-maior\1013-o-maior.csproj", "{7564FB3F-FC87-4137-83AF-EFE68E495766}"
EndProject
Project("{9A19103F-16F7-4668-BE54-9A1E7A4F7556}") = "1014-consumo", "1014-consumo\1014-consumo.csproj", "{28874868-212C-4C63-925F-642873E292FD}"
EndProject
Project("{9A19103F-16F7-4668-BE54-9A1E7A4F7556}") = "1015-distancia-entre-dois-pontos", "1015-distancia-entre-dois-pontos\1015-distancia-entre-dois-pontos.csproj", "{C438DFEE-BC7C-4083-8E32-03C5C6AEA3A1}"
EndProject
Project("{9A19103F-16F7-4668-BE54-9A1E7A4F7556}") = "1016-distancia", "1016-distancia\1016-distancia.csproj", "{53C0EF1F-9658-4CB5-BF39-0F381B13F5E2}"
EndProject
Project("{9A19103F-16F7-4668-BE54-9A1E7A4F7556}") = "1017-gasto-de-combustivel", "1017-gasto-de-combustivel\1017-gasto-de-combustivel.csproj", "{4A74C32E-0D79-4451-A840-C1A8E2BBD1B6}"
EndProject
Project("{9A19103F-16F7-4668-BE54-9A1E7A4F7556}") = "1018-cedulas", "1018-cedulas\1018-cedulas.csproj", "{36A18B9E-BBED-443F-AC81-44360BA7B375}"
EndProject
Project("{9A19103F-16F7-4668-BE54-9A1E7A4F7556}") = "1019-conversao-de-tempo", "1019-conversao-de-tempo\1019-conversao-de-tempo.csproj", "{7FF2C5C9-3DD0-4251-9265-941E572E35ED}"
EndProject
Project("{9A19103F-16F7-4668-BE54-9A1E7A4F7556}") = "1020-idade-em-dias", "1020-idade-em-dias\1020-idade-em-dias.csproj", "{FF2BBCD6-CA59-431E-8278-CAB541098DCE}"
EndProject
Project("{9A19103F-16F7-4668-BE54-9A1E7A4F7556}") = "1021-notas-e-moedas", "1021-notas-e-moedas\1021-notas-e-moedas.csproj", "{6D117150-737A-4E31-90DB-BF6DF05FB1DD}"
EndProject
Project("{9A19103F-16F7-4668-BE54-9A1E7A4F7556}") = "1035-teste-de-selecao-1", "1035-teste-de-selecao-1\1035-teste-de-selecao-1.csproj", "{E0BE0D67-62C3-4060-93DC-A4E95458CBC4}"
EndProject
Project("{9A19103F-16F7-4668-BE54-9A1E7A4F7556}") = "1036-formula-de-bhaskara", "1036-formula-de-bhaskara\1036-formula-de-bhaskara.csproj", "{F6BECA05-19AA-4811-B23F-277081FE22B5}"
EndProject
Project("{9A19103F-16F7-4668-BE54-9A1E7A4F7556}") = "1037-intervalo", "1037-intervalo\1037-intervalo.csproj", "{C434F5D2-04A1-4479-ACC5-849BC0EA0535}"
EndProject
Project("{2150E333-8FDC-42A3-9474-1A3956D46DE8}") = "4-bug", "4-bug", "{468F5B98-7DDD-4288-8CF9-68B91A2872CB}"
EndProject
Project("{FAE04EC0-301F-11D3-BF4B-00C04F79EFBC}") = "1038-lanche", "1038-lanche\1038-lanche.csproj", "{1A8F0025-6B91-4684-B58C-1CC92CF3EB86}"
EndProject
Project("{FAE04EC0-301F-11D3-BF4B-00C04F79EFBC}") = "1040-media-3", "1040-media-3\1040-media-3.csproj", "{BDFF6265-8D39-4D6C-950B-B638DAE24389}"
EndProject
Project("{FAE04EC0-301F-11D3-BF4B-00C04F79EFBC}") = "1041-coordenadas-de-um-ponto", "1041-coordenadas-de-um-ponto\1041-coordenadas-de-um-ponto.csproj", "{9BFABEE3-C4A6-426C-B05F-0774D6A7F1CC}"
EndProject
Project("{FAE04EC0-301F-11D3-BF4B-00C04F79EFBC}") = "1042-sort-simples", "1042-sort-simples\1042-sort-simples.csproj", "{23B224F0-D694-4080-94E1-91E8ACAF2303}"
EndProject
Project("{FAE04EC0-301F-11D3-BF4B-00C04F79EFBC}") = "1044-multiplos", "1044-multiplos\1044-multiplos.csproj", "{46D014A0-8DF6-4C25-92EB-5F5083DAD780}"
EndProject
Project("{FAE04EC0-301F-11D3-BF4B-00C04F79EFBC}") = "1043-triangulo", "1043-triangulo\1043-triangulo.csproj", "{FE60B138-388D-47A4-B307-19FEBFB3E5FD}"
EndProject
Project("{FAE04EC0-301F-11D3-BF4B-00C04F79EFBC}") = "1045-tipos-de-triangulos", "1045-tipos-de-triangulos\1045-tipos-de-triangulos.csproj", "{36AABC1C-985C-408A-9209-C1AC0F8F4B38}"
EndProject
Project("{FAE04EC0-301F-11D3-BF4B-00C04F79EFBC}") = "1046-tempo-de-jogo", "1046-tempo-de-jogo\1046-tempo-de-jogo.csproj", "{E6B0BD71-DB41-4265-A4A2-C3517EABB226}"
EndProject
Project("{FAE04EC0-301F-11D3-BF4B-00C04F79EFBC}") = "1047-tempo-de-jogo-com-minutos", "1047-tempo-de-jogo-com-minutos\1047-tempo-de-jogo-com-minutos.csproj", "{26CB801E-EDC5-4A3F-90C9-C4621F320804}"
EndProject
Project("{FAE04EC0-301F-11D3-BF4B-00C04F79EFBC}") = "1048-aumento-de-salario", "1048-aumento-de-salario\1048-aumento-de-salario.csproj", "{FF540B8D-DD76-4424-97E6-71DAD1C651ED}"
EndProject
Project("{FAE04EC0-301F-11D3-BF4B-00C04F79EFBC}") = "1049-animal", "1049-animal\1049-animal.csproj", "{ADD93536-327B-4612-902A-0BFE1018EE22}"
EndProject
Project("{FAE04EC0-301F-11D3-BF4B-00C04F79EFBC}") = "1050-ddd", "1050-ddd\1050-ddd.csproj", "{B26393D2-8F6D-4742-AE0A-715C3A7087E4}"
EndProject
Project("{FAE04EC0-301F-11D3-BF4B-00C04F79EFBC}") = "1051-imposto-de-renda", "1051-imposto-de-renda\1051-imposto-de-renda.csproj", "{F52CE6B1-4981-4349-95D0-3ABB985FA8D7}"
EndProject
Project("{FAE04EC0-301F-11D3-BF4B-00C04F79EFBC}") = "1052-mes", "1052-mes\1052-mes.csproj", "{AB43A1F0-3C75-4C49-A685-E9B34561356E}"
EndProject
Project("{FAE04EC0-301F-11D3-BF4B-00C04F79EFBC}") = "1059-numeros-pares", "1059-numeros-pares\1059-numeros-pares.csproj", "{6D27B3B0-3B59-4BB4-956E-8A3BE6ED799A}"
EndProject
Project("{FAE04EC0-301F-11D3-BF4B-00C04F79EFBC}") = "1060-numeros-positivos", "1060-numeros-positivos\1060-numeros-positivos.csproj", "{D67C5C65-BB60-4527-9888-A55EED4DC8D7}"
EndProject
Project("{FAE04EC0-301F-11D3-BF4B-00C04F79EFBC}") = "1061-tempo-de-um-evento", "1061-tempo-de-um-evento\1061-tempo-de-um-evento.csproj", "{FEE74433-F9A9-45A7-84D0-D6210B2E96AC}"
EndProject
Project("{FAE04EC0-301F-11D3-BF4B-00C04F79EFBC}") = "1064-positivos-e-media", "1064-positivos-e-media\1064-positivos-e-media.csproj", "{F64BAFC5-7E3E-4DB5-85E2-50A6B76A44DF}"
EndProject
Project("{FAE04EC0-301F-11D3-BF4B-00C04F79EFBC}") = "1065-pares-entre-cinco-numeros", "1065-pares-entre-cinco-numeros\1065-pares-entre-cinco-numeros.csproj", "{C0CAAF7B-8FB1-41AC-B9BC-C1443959358E}"
EndProject
Project("{FAE04EC0-301F-11D3-BF4B-00C04F79EFBC}") = "1066-pares-impares-positivos-e-negativos", "1066-pares-impares-positivos-e-negativos\1066-pares-impares-positivos-e-negativos.csproj", "{35E25AF0-C36E-4757-8F93-8192D22A6950}"
EndProject
Project("{FAE04EC0-301F-11D3-BF4B-00C04F79EFBC}") = "1067-numeros-impares", "1067-numeros-impares\1067-numeros-impares.csproj", "{F7590765-8BC0-4BD0-AE62-55B5C523121B}"
EndProject
Project("{FAE04EC0-301F-11D3-BF4B-00C04F79EFBC}") = "1070-seis-numeros-impares", "1070-seis-numeros-impares\1070-seis-numeros-impares.csproj", "{869B23E2-79BD-411F-8A41-8BC764B5D664}"
EndProject
Project("{FAE04EC0-301F-11D3-BF4B-00C04F79EFBC}") = "1071-soma-de-impares-consecutivos-1", "1071-soma-de-impares-consecutivos-1\1071-soma-de-impares-consecutivos-1.csproj", "{EB30AC92-C3E9-4AE2-9BE8-142E87D97CD3}"
EndProject
Project("{FAE04EC0-301F-11D3-BF4B-00C04F79EFBC}") = "1072-intervalo-2", "1072-intervalo-2\1072-intervalo-2.csproj", "{6AFA314A-34AB-4897-B61D-6234154CB39A}"
EndProject
Project("{FAE04EC0-301F-11D3-BF4B-00C04F79EFBC}") = "1073-quadrado-de-pares", "1073-quadrado-de-pares\1073-quadrado-de-pares.csproj", "{F7F369E1-A606-4BE0-A06A-7AEBFECA565C}"
EndProject
Global
	GlobalSection(SolutionConfigurationPlatforms) = preSolution
		Debug|Any CPU = Debug|Any CPU
		Release|Any CPU = Release|Any CPU
	EndGlobalSection
	GlobalSection(ProjectConfigurationPlatforms) = postSolution
		{65170B3D-1BB1-456C-B37E-790F1625D9F7}.Debug|Any CPU.ActiveCfg = Debug|Any CPU
		{65170B3D-1BB1-456C-B37E-790F1625D9F7}.Debug|Any CPU.Build.0 = Debug|Any CPU
		{65170B3D-1BB1-456C-B37E-790F1625D9F7}.Release|Any CPU.ActiveCfg = Release|Any CPU
		{65170B3D-1BB1-456C-B37E-790F1625D9F7}.Release|Any CPU.Build.0 = Release|Any CPU
		{184F2669-41B3-4687-96C3-E69E69E5A3D4}.Debug|Any CPU.ActiveCfg = Debug|Any CPU
		{184F2669-41B3-4687-96C3-E69E69E5A3D4}.Debug|Any CPU.Build.0 = Debug|Any CPU
		{184F2669-41B3-4687-96C3-E69E69E5A3D4}.Release|Any CPU.ActiveCfg = Release|Any CPU
		{184F2669-41B3-4687-96C3-E69E69E5A3D4}.Release|Any CPU.Build.0 = Release|Any CPU
		{02CAA1B4-4336-4BBA-9BB7-6BFF419635A8}.Debug|Any CPU.ActiveCfg = Debug|Any CPU
		{02CAA1B4-4336-4BBA-9BB7-6BFF419635A8}.Debug|Any CPU.Build.0 = Debug|Any CPU
		{02CAA1B4-4336-4BBA-9BB7-6BFF419635A8}.Release|Any CPU.ActiveCfg = Release|Any CPU
		{02CAA1B4-4336-4BBA-9BB7-6BFF419635A8}.Release|Any CPU.Build.0 = Release|Any CPU
		{56460286-7916-4E74-9D99-D71EEFCD9F72}.Debug|Any CPU.ActiveCfg = Debug|Any CPU
		{56460286-7916-4E74-9D99-D71EEFCD9F72}.Debug|Any CPU.Build.0 = Debug|Any CPU
		{56460286-7916-4E74-9D99-D71EEFCD9F72}.Release|Any CPU.ActiveCfg = Release|Any CPU
		{56460286-7916-4E74-9D99-D71EEFCD9F72}.Release|Any CPU.Build.0 = Release|Any CPU
		{D38575A5-5886-408F-91E4-2255DAE78ABA}.Debug|Any CPU.ActiveCfg = Debug|Any CPU
		{D38575A5-5886-408F-91E4-2255DAE78ABA}.Debug|Any CPU.Build.0 = Debug|Any CPU
		{D38575A5-5886-408F-91E4-2255DAE78ABA}.Release|Any CPU.ActiveCfg = Release|Any CPU
		{D38575A5-5886-408F-91E4-2255DAE78ABA}.Release|Any CPU.Build.0 = Release|Any CPU
		{179C0EC0-4D22-4E3B-A58D-E4681ECE24F9}.Debug|Any CPU.ActiveCfg = Debug|Any CPU
		{179C0EC0-4D22-4E3B-A58D-E4681ECE24F9}.Debug|Any CPU.Build.0 = Debug|Any CPU
		{179C0EC0-4D22-4E3B-A58D-E4681ECE24F9}.Release|Any CPU.ActiveCfg = Release|Any CPU
		{179C0EC0-4D22-4E3B-A58D-E4681ECE24F9}.Release|Any CPU.Build.0 = Release|Any CPU
		{BE1057BA-36E9-40C1-9D35-0194C1E4A208}.Debug|Any CPU.ActiveCfg = Debug|Any CPU
		{BE1057BA-36E9-40C1-9D35-0194C1E4A208}.Debug|Any CPU.Build.0 = Debug|Any CPU
		{BE1057BA-36E9-40C1-9D35-0194C1E4A208}.Release|Any CPU.ActiveCfg = Release|Any CPU
		{BE1057BA-36E9-40C1-9D35-0194C1E4A208}.Release|Any CPU.Build.0 = Release|Any CPU
		{F26FF386-8A86-4F8C-BB6C-0B8E57CAAAE3}.Debug|Any CPU.ActiveCfg = Debug|Any CPU
		{F26FF386-8A86-4F8C-BB6C-0B8E57CAAAE3}.Debug|Any CPU.Build.0 = Debug|Any CPU
		{F26FF386-8A86-4F8C-BB6C-0B8E57CAAAE3}.Release|Any CPU.ActiveCfg = Release|Any CPU
		{F26FF386-8A86-4F8C-BB6C-0B8E57CAAAE3}.Release|Any CPU.Build.0 = Release|Any CPU
		{9AA40E58-2182-46E4-9D64-7DDC51B7E229}.Debug|Any CPU.ActiveCfg = Debug|Any CPU
		{9AA40E58-2182-46E4-9D64-7DDC51B7E229}.Debug|Any CPU.Build.0 = Debug|Any CPU
		{9AA40E58-2182-46E4-9D64-7DDC51B7E229}.Release|Any CPU.ActiveCfg = Release|Any CPU
		{9AA40E58-2182-46E4-9D64-7DDC51B7E229}.Release|Any CPU.Build.0 = Release|Any CPU
		{DD54E168-1CD2-49F7-B39B-68DDFC03A2A9}.Debug|Any CPU.ActiveCfg = Debug|Any CPU
		{DD54E168-1CD2-49F7-B39B-68DDFC03A2A9}.Debug|Any CPU.Build.0 = Debug|Any CPU
		{DD54E168-1CD2-49F7-B39B-68DDFC03A2A9}.Release|Any CPU.ActiveCfg = Release|Any CPU
		{DD54E168-1CD2-49F7-B39B-68DDFC03A2A9}.Release|Any CPU.Build.0 = Release|Any CPU
		{6941B739-7711-4469-8E7D-B8CAD550783F}.Debug|Any CPU.ActiveCfg = Debug|Any CPU
		{6941B739-7711-4469-8E7D-B8CAD550783F}.Debug|Any CPU.Build.0 = Debug|Any CPU
		{6941B739-7711-4469-8E7D-B8CAD550783F}.Release|Any CPU.ActiveCfg = Release|Any CPU
		{6941B739-7711-4469-8E7D-B8CAD550783F}.Release|Any CPU.Build.0 = Release|Any CPU
		{41416D0D-5988-444D-A0C6-2295B557ED0D}.Debug|Any CPU.ActiveCfg = Debug|Any CPU
		{41416D0D-5988-444D-A0C6-2295B557ED0D}.Debug|Any CPU.Build.0 = Debug|Any CPU
		{41416D0D-5988-444D-A0C6-2295B557ED0D}.Release|Any CPU.ActiveCfg = Release|Any CPU
		{41416D0D-5988-444D-A0C6-2295B557ED0D}.Release|Any CPU.Build.0 = Release|Any CPU
		{7564FB3F-FC87-4137-83AF-EFE68E495766}.Debug|Any CPU.ActiveCfg = Debug|Any CPU
		{7564FB3F-FC87-4137-83AF-EFE68E495766}.Debug|Any CPU.Build.0 = Debug|Any CPU
		{7564FB3F-FC87-4137-83AF-EFE68E495766}.Release|Any CPU.ActiveCfg = Release|Any CPU
		{7564FB3F-FC87-4137-83AF-EFE68E495766}.Release|Any CPU.Build.0 = Release|Any CPU
		{28874868-212C-4C63-925F-642873E292FD}.Debug|Any CPU.ActiveCfg = Debug|Any CPU
		{28874868-212C-4C63-925F-642873E292FD}.Debug|Any CPU.Build.0 = Debug|Any CPU
		{28874868-212C-4C63-925F-642873E292FD}.Release|Any CPU.ActiveCfg = Release|Any CPU
		{28874868-212C-4C63-925F-642873E292FD}.Release|Any CPU.Build.0 = Release|Any CPU
		{C438DFEE-BC7C-4083-8E32-03C5C6AEA3A1}.Debug|Any CPU.ActiveCfg = Debug|Any CPU
		{C438DFEE-BC7C-4083-8E32-03C5C6AEA3A1}.Debug|Any CPU.Build.0 = Debug|Any CPU
		{C438DFEE-BC7C-4083-8E32-03C5C6AEA3A1}.Release|Any CPU.ActiveCfg = Release|Any CPU
		{C438DFEE-BC7C-4083-8E32-03C5C6AEA3A1}.Release|Any CPU.Build.0 = Release|Any CPU
		{53C0EF1F-9658-4CB5-BF39-0F381B13F5E2}.Debug|Any CPU.ActiveCfg = Debug|Any CPU
		{53C0EF1F-9658-4CB5-BF39-0F381B13F5E2}.Debug|Any CPU.Build.0 = Debug|Any CPU
		{53C0EF1F-9658-4CB5-BF39-0F381B13F5E2}.Release|Any CPU.ActiveCfg = Release|Any CPU
		{53C0EF1F-9658-4CB5-BF39-0F381B13F5E2}.Release|Any CPU.Build.0 = Release|Any CPU
		{4A74C32E-0D79-4451-A840-C1A8E2BBD1B6}.Debug|Any CPU.ActiveCfg = Debug|Any CPU
		{4A74C32E-0D79-4451-A840-C1A8E2BBD1B6}.Debug|Any CPU.Build.0 = Debug|Any CPU
		{4A74C32E-0D79-4451-A840-C1A8E2BBD1B6}.Release|Any CPU.ActiveCfg = Release|Any CPU
		{4A74C32E-0D79-4451-A840-C1A8E2BBD1B6}.Release|Any CPU.Build.0 = Release|Any CPU
		{36A18B9E-BBED-443F-AC81-44360BA7B375}.Debug|Any CPU.ActiveCfg = Debug|Any CPU
		{36A18B9E-BBED-443F-AC81-44360BA7B375}.Debug|Any CPU.Build.0 = Debug|Any CPU
		{36A18B9E-BBED-443F-AC81-44360BA7B375}.Release|Any CPU.ActiveCfg = Release|Any CPU
		{36A18B9E-BBED-443F-AC81-44360BA7B375}.Release|Any CPU.Build.0 = Release|Any CPU
		{7FF2C5C9-3DD0-4251-9265-941E572E35ED}.Debug|Any CPU.ActiveCfg = Debug|Any CPU
		{7FF2C5C9-3DD0-4251-9265-941E572E35ED}.Debug|Any CPU.Build.0 = Debug|Any CPU
		{7FF2C5C9-3DD0-4251-9265-941E572E35ED}.Release|Any CPU.ActiveCfg = Release|Any CPU
		{7FF2C5C9-3DD0-4251-9265-941E572E35ED}.Release|Any CPU.Build.0 = Release|Any CPU
		{FF2BBCD6-CA59-431E-8278-CAB541098DCE}.Debug|Any CPU.ActiveCfg = Debug|Any CPU
		{FF2BBCD6-CA59-431E-8278-CAB541098DCE}.Debug|Any CPU.Build.0 = Debug|Any CPU
		{FF2BBCD6-CA59-431E-8278-CAB541098DCE}.Release|Any CPU.ActiveCfg = Release|Any CPU
		{FF2BBCD6-CA59-431E-8278-CAB541098DCE}.Release|Any CPU.Build.0 = Release|Any CPU
		{6D117150-737A-4E31-90DB-BF6DF05FB1DD}.Debug|Any CPU.ActiveCfg = Debug|Any CPU
		{6D117150-737A-4E31-90DB-BF6DF05FB1DD}.Debug|Any CPU.Build.0 = Debug|Any CPU
		{6D117150-737A-4E31-90DB-BF6DF05FB1DD}.Release|Any CPU.ActiveCfg = Release|Any CPU
		{6D117150-737A-4E31-90DB-BF6DF05FB1DD}.Release|Any CPU.Build.0 = Release|Any CPU
		{E0BE0D67-62C3-4060-93DC-A4E95458CBC4}.Debug|Any CPU.ActiveCfg = Debug|Any CPU
		{E0BE0D67-62C3-4060-93DC-A4E95458CBC4}.Debug|Any CPU.Build.0 = Debug|Any CPU
		{E0BE0D67-62C3-4060-93DC-A4E95458CBC4}.Release|Any CPU.ActiveCfg = Release|Any CPU
		{E0BE0D67-62C3-4060-93DC-A4E95458CBC4}.Release|Any CPU.Build.0 = Release|Any CPU
		{F6BECA05-19AA-4811-B23F-277081FE22B5}.Debug|Any CPU.ActiveCfg = Debug|Any CPU
		{F6BECA05-19AA-4811-B23F-277081FE22B5}.Debug|Any CPU.Build.0 = Debug|Any CPU
		{F6BECA05-19AA-4811-B23F-277081FE22B5}.Release|Any CPU.ActiveCfg = Release|Any CPU
		{F6BECA05-19AA-4811-B23F-277081FE22B5}.Release|Any CPU.Build.0 = Release|Any CPU
		{C434F5D2-04A1-4479-ACC5-849BC0EA0535}.Debug|Any CPU.ActiveCfg = Debug|Any CPU
		{C434F5D2-04A1-4479-ACC5-849BC0EA0535}.Debug|Any CPU.Build.0 = Debug|Any CPU
		{C434F5D2-04A1-4479-ACC5-849BC0EA0535}.Release|Any CPU.ActiveCfg = Release|Any CPU
		{C434F5D2-04A1-4479-ACC5-849BC0EA0535}.Release|Any CPU.Build.0 = Release|Any CPU
		{1A8F0025-6B91-4684-B58C-1CC92CF3EB86}.Debug|Any CPU.ActiveCfg = Debug|Any CPU
		{1A8F0025-6B91-4684-B58C-1CC92CF3EB86}.Debug|Any CPU.Build.0 = Debug|Any CPU
		{1A8F0025-6B91-4684-B58C-1CC92CF3EB86}.Release|Any CPU.ActiveCfg = Release|Any CPU
		{1A8F0025-6B91-4684-B58C-1CC92CF3EB86}.Release|Any CPU.Build.0 = Release|Any CPU
		{BDFF6265-8D39-4D6C-950B-B638DAE24389}.Debug|Any CPU.ActiveCfg = Debug|Any CPU
		{BDFF6265-8D39-4D6C-950B-B638DAE24389}.Debug|Any CPU.Build.0 = Debug|Any CPU
		{BDFF6265-8D39-4D6C-950B-B638DAE24389}.Release|Any CPU.ActiveCfg = Release|Any CPU
		{BDFF6265-8D39-4D6C-950B-B638DAE24389}.Release|Any CPU.Build.0 = Release|Any CPU
		{9BFABEE3-C4A6-426C-B05F-0774D6A7F1CC}.Debug|Any CPU.ActiveCfg = Debug|Any CPU
		{9BFABEE3-C4A6-426C-B05F-0774D6A7F1CC}.Debug|Any CPU.Build.0 = Debug|Any CPU
		{9BFABEE3-C4A6-426C-B05F-0774D6A7F1CC}.Release|Any CPU.ActiveCfg = Release|Any CPU
		{9BFABEE3-C4A6-426C-B05F-0774D6A7F1CC}.Release|Any CPU.Build.0 = Release|Any CPU
		{23B224F0-D694-4080-94E1-91E8ACAF2303}.Debug|Any CPU.ActiveCfg = Debug|Any CPU
		{23B224F0-D694-4080-94E1-91E8ACAF2303}.Debug|Any CPU.Build.0 = Debug|Any CPU
		{23B224F0-D694-4080-94E1-91E8ACAF2303}.Release|Any CPU.ActiveCfg = Release|Any CPU
		{23B224F0-D694-4080-94E1-91E8ACAF2303}.Release|Any CPU.Build.0 = Release|Any CPU
		{46D014A0-8DF6-4C25-92EB-5F5083DAD780}.Debug|Any CPU.ActiveCfg = Debug|Any CPU
		{46D014A0-8DF6-4C25-92EB-5F5083DAD780}.Debug|Any CPU.Build.0 = Debug|Any CPU
		{46D014A0-8DF6-4C25-92EB-5F5083DAD780}.Release|Any CPU.ActiveCfg = Release|Any CPU
		{46D014A0-8DF6-4C25-92EB-5F5083DAD780}.Release|Any CPU.Build.0 = Release|Any CPU
		{FE60B138-388D-47A4-B307-19FEBFB3E5FD}.Debug|Any CPU.ActiveCfg = Debug|Any CPU
		{FE60B138-388D-47A4-B307-19FEBFB3E5FD}.Debug|Any CPU.Build.0 = Debug|Any CPU
		{FE60B138-388D-47A4-B307-19FEBFB3E5FD}.Release|Any CPU.ActiveCfg = Release|Any CPU
		{FE60B138-388D-47A4-B307-19FEBFB3E5FD}.Release|Any CPU.Build.0 = Release|Any CPU
		{36AABC1C-985C-408A-9209-C1AC0F8F4B38}.Debug|Any CPU.ActiveCfg = Debug|Any CPU
		{36AABC1C-985C-408A-9209-C1AC0F8F4B38}.Debug|Any CPU.Build.0 = Debug|Any CPU
		{36AABC1C-985C-408A-9209-C1AC0F8F4B38}.Release|Any CPU.ActiveCfg = Release|Any CPU
		{36AABC1C-985C-408A-9209-C1AC0F8F4B38}.Release|Any CPU.Build.0 = Release|Any CPU
		{E6B0BD71-DB41-4265-A4A2-C3517EABB226}.Debug|Any CPU.ActiveCfg = Debug|Any CPU
		{E6B0BD71-DB41-4265-A4A2-C3517EABB226}.Debug|Any CPU.Build.0 = Debug|Any CPU
		{E6B0BD71-DB41-4265-A4A2-C3517EABB226}.Release|Any CPU.ActiveCfg = Release|Any CPU
		{E6B0BD71-DB41-4265-A4A2-C3517EABB226}.Release|Any CPU.Build.0 = Release|Any CPU
		{26CB801E-EDC5-4A3F-90C9-C4621F320804}.Debug|Any CPU.ActiveCfg = Debug|Any CPU
		{26CB801E-EDC5-4A3F-90C9-C4621F320804}.Debug|Any CPU.Build.0 = Debug|Any CPU
		{26CB801E-EDC5-4A3F-90C9-C4621F320804}.Release|Any CPU.ActiveCfg = Release|Any CPU
		{26CB801E-EDC5-4A3F-90C9-C4621F320804}.Release|Any CPU.Build.0 = Release|Any CPU
		{FF540B8D-DD76-4424-97E6-71DAD1C651ED}.Debug|Any CPU.ActiveCfg = Debug|Any CPU
		{FF540B8D-DD76-4424-97E6-71DAD1C651ED}.Debug|Any CPU.Build.0 = Debug|Any CPU
		{FF540B8D-DD76-4424-97E6-71DAD1C651ED}.Release|Any CPU.ActiveCfg = Release|Any CPU
		{FF540B8D-DD76-4424-97E6-71DAD1C651ED}.Release|Any CPU.Build.0 = Release|Any CPU
		{ADD93536-327B-4612-902A-0BFE1018EE22}.Debug|Any CPU.ActiveCfg = Debug|Any CPU
		{ADD93536-327B-4612-902A-0BFE1018EE22}.Debug|Any CPU.Build.0 = Debug|Any CPU
		{ADD93536-327B-4612-902A-0BFE1018EE22}.Release|Any CPU.ActiveCfg = Release|Any CPU
		{ADD93536-327B-4612-902A-0BFE1018EE22}.Release|Any CPU.Build.0 = Release|Any CPU
		{B26393D2-8F6D-4742-AE0A-715C3A7087E4}.Debug|Any CPU.ActiveCfg = Debug|Any CPU
		{B26393D2-8F6D-4742-AE0A-715C3A7087E4}.Debug|Any CPU.Build.0 = Debug|Any CPU
		{B26393D2-8F6D-4742-AE0A-715C3A7087E4}.Release|Any CPU.ActiveCfg = Release|Any CPU
		{B26393D2-8F6D-4742-AE0A-715C3A7087E4}.Release|Any CPU.Build.0 = Release|Any CPU
		{F52CE6B1-4981-4349-95D0-3ABB985FA8D7}.Debug|Any CPU.ActiveCfg = Debug|Any CPU
		{F52CE6B1-4981-4349-95D0-3ABB985FA8D7}.Debug|Any CPU.Build.0 = Debug|Any CPU
		{F52CE6B1-4981-4349-95D0-3ABB985FA8D7}.Release|Any CPU.ActiveCfg = Release|Any CPU
		{F52CE6B1-4981-4349-95D0-3ABB985FA8D7}.Release|Any CPU.Build.0 = Release|Any CPU
		{AB43A1F0-3C75-4C49-A685-E9B34561356E}.Debug|Any CPU.ActiveCfg = Debug|Any CPU
		{AB43A1F0-3C75-4C49-A685-E9B34561356E}.Debug|Any CPU.Build.0 = Debug|Any CPU
		{AB43A1F0-3C75-4C49-A685-E9B34561356E}.Release|Any CPU.ActiveCfg = Release|Any CPU
		{AB43A1F0-3C75-4C49-A685-E9B34561356E}.Release|Any CPU.Build.0 = Release|Any CPU
		{6D27B3B0-3B59-4BB4-956E-8A3BE6ED799A}.Debug|Any CPU.ActiveCfg = Debug|Any CPU
		{6D27B3B0-3B59-4BB4-956E-8A3BE6ED799A}.Debug|Any CPU.Build.0 = Debug|Any CPU
		{6D27B3B0-3B59-4BB4-956E-8A3BE6ED799A}.Release|Any CPU.ActiveCfg = Release|Any CPU
		{6D27B3B0-3B59-4BB4-956E-8A3BE6ED799A}.Release|Any CPU.Build.0 = Release|Any CPU
		{D67C5C65-BB60-4527-9888-A55EED4DC8D7}.Debug|Any CPU.ActiveCfg = Debug|Any CPU
		{D67C5C65-BB60-4527-9888-A55EED4DC8D7}.Debug|Any CPU.Build.0 = Debug|Any CPU
		{D67C5C65-BB60-4527-9888-A55EED4DC8D7}.Release|Any CPU.ActiveCfg = Release|Any CPU
		{D67C5C65-BB60-4527-9888-A55EED4DC8D7}.Release|Any CPU.Build.0 = Release|Any CPU
		{FEE74433-F9A9-45A7-84D0-D6210B2E96AC}.Debug|Any CPU.ActiveCfg = Debug|Any CPU
		{FEE74433-F9A9-45A7-84D0-D6210B2E96AC}.Debug|Any CPU.Build.0 = Debug|Any CPU
		{FEE74433-F9A9-45A7-84D0-D6210B2E96AC}.Release|Any CPU.ActiveCfg = Release|Any CPU
		{FEE74433-F9A9-45A7-84D0-D6210B2E96AC}.Release|Any CPU.Build.0 = Release|Any CPU
		{F64BAFC5-7E3E-4DB5-85E2-50A6B76A44DF}.Debug|Any CPU.ActiveCfg = Debug|Any CPU
		{F64BAFC5-7E3E-4DB5-85E2-50A6B76A44DF}.Debug|Any CPU.Build.0 = Debug|Any CPU
		{F64BAFC5-7E3E-4DB5-85E2-50A6B76A44DF}.Release|Any CPU.ActiveCfg = Release|Any CPU
		{F64BAFC5-7E3E-4DB5-85E2-50A6B76A44DF}.Release|Any CPU.Build.0 = Release|Any CPU
		{C0CAAF7B-8FB1-41AC-B9BC-C1443959358E}.Debug|Any CPU.ActiveCfg = Debug|Any CPU
		{C0CAAF7B-8FB1-41AC-B9BC-C1443959358E}.Debug|Any CPU.Build.0 = Debug|Any CPU
		{C0CAAF7B-8FB1-41AC-B9BC-C1443959358E}.Release|Any CPU.ActiveCfg = Release|Any CPU
		{C0CAAF7B-8FB1-41AC-B9BC-C1443959358E}.Release|Any CPU.Build.0 = Release|Any CPU
		{35E25AF0-C36E-4757-8F93-8192D22A6950}.Debug|Any CPU.ActiveCfg = Debug|Any CPU
		{35E25AF0-C36E-4757-8F93-8192D22A6950}.Debug|Any CPU.Build.0 = Debug|Any CPU
		{35E25AF0-C36E-4757-8F93-8192D22A6950}.Release|Any CPU.ActiveCfg = Release|Any CPU
		{35E25AF0-C36E-4757-8F93-8192D22A6950}.Release|Any CPU.Build.0 = Release|Any CPU
		{F7590765-8BC0-4BD0-AE62-55B5C523121B}.Debug|Any CPU.ActiveCfg = Debug|Any CPU
		{F7590765-8BC0-4BD0-AE62-55B5C523121B}.Debug|Any CPU.Build.0 = Debug|Any CPU
		{F7590765-8BC0-4BD0-AE62-55B5C523121B}.Release|Any CPU.ActiveCfg = Release|Any CPU
		{F7590765-8BC0-4BD0-AE62-55B5C523121B}.Release|Any CPU.Build.0 = Release|Any CPU
		{869B23E2-79BD-411F-8A41-8BC764B5D664}.Debug|Any CPU.ActiveCfg = Debug|Any CPU
		{869B23E2-79BD-411F-8A41-8BC764B5D664}.Debug|Any CPU.Build.0 = Debug|Any CPU
		{869B23E2-79BD-411F-8A41-8BC764B5D664}.Release|Any CPU.ActiveCfg = Release|Any CPU
		{869B23E2-79BD-411F-8A41-8BC764B5D664}.Release|Any CPU.Build.0 = Release|Any CPU
		{EB30AC92-C3E9-4AE2-9BE8-142E87D97CD3}.Debug|Any CPU.ActiveCfg = Debug|Any CPU
		{EB30AC92-C3E9-4AE2-9BE8-142E87D97CD3}.Debug|Any CPU.Build.0 = Debug|Any CPU
		{EB30AC92-C3E9-4AE2-9BE8-142E87D97CD3}.Release|Any CPU.ActiveCfg = Release|Any CPU
		{EB30AC92-C3E9-4AE2-9BE8-142E87D97CD3}.Release|Any CPU.Build.0 = Release|Any CPU
		{6AFA314A-34AB-4897-B61D-6234154CB39A}.Debug|Any CPU.ActiveCfg = Debug|Any CPU
		{6AFA314A-34AB-4897-B61D-6234154CB39A}.Debug|Any CPU.Build.0 = Debug|Any CPU
		{6AFA314A-34AB-4897-B61D-6234154CB39A}.Release|Any CPU.ActiveCfg = Release|Any CPU
		{6AFA314A-34AB-4897-B61D-6234154CB39A}.Release|Any CPU.Build.0 = Release|Any CPU
		{F7F369E1-A606-4BE0-A06A-7AEBFECA565C}.Debug|Any CPU.ActiveCfg = Debug|Any CPU
		{F7F369E1-A606-4BE0-A06A-7AEBFECA565C}.Debug|Any CPU.Build.0 = Debug|Any CPU
		{F7F369E1-A606-4BE0-A06A-7AEBFECA565C}.Release|Any CPU.ActiveCfg = Release|Any CPU
		{F7F369E1-A606-4BE0-A06A-7AEBFECA565C}.Release|Any CPU.Build.0 = Release|Any CPU
	EndGlobalSection
	GlobalSection(SolutionProperties) = preSolution
		HideSolutionNode = FALSE
	EndGlobalSection
	GlobalSection(NestedProjects) = preSolution
		{65170B3D-1BB1-456C-B37E-790F1625D9F7} = {0739063A-FC20-49ED-B750-D95F42BA2CA1}
		{184F2669-41B3-4687-96C3-E69E69E5A3D4} = {0739063A-FC20-49ED-B750-D95F42BA2CA1}
		{02CAA1B4-4336-4BBA-9BB7-6BFF419635A8} = {0739063A-FC20-49ED-B750-D95F42BA2CA1}
		{56460286-7916-4E74-9D99-D71EEFCD9F72} = {0739063A-FC20-49ED-B750-D95F42BA2CA1}
		{D38575A5-5886-408F-91E4-2255DAE78ABA} = {0739063A-FC20-49ED-B750-D95F42BA2CA1}
		{179C0EC0-4D22-4E3B-A58D-E4681ECE24F9} = {0739063A-FC20-49ED-B750-D95F42BA2CA1}
		{BE1057BA-36E9-40C1-9D35-0194C1E4A208} = {0739063A-FC20-49ED-B750-D95F42BA2CA1}
		{F26FF386-8A86-4F8C-BB6C-0B8E57CAAAE3} = {0739063A-FC20-49ED-B750-D95F42BA2CA1}
		{9AA40E58-2182-46E4-9D64-7DDC51B7E229} = {0739063A-FC20-49ED-B750-D95F42BA2CA1}
		{0739063A-FC20-49ED-B750-D95F42BA2CA1} = {0B97082A-06B2-468C-9037-CADC43B08057}
		{E503796E-887A-4355-B518-1821A84DD15D} = {0B97082A-06B2-468C-9037-CADC43B08057}
		{5B7E0409-DB85-46BD-802F-DED5D952D216} = {0B97082A-06B2-468C-9037-CADC43B08057}
		{DD54E168-1CD2-49F7-B39B-68DDFC03A2A9} = {0739063A-FC20-49ED-B750-D95F42BA2CA1}
		{6941B739-7711-4469-8E7D-B8CAD550783F} = {0739063A-FC20-49ED-B750-D95F42BA2CA1}
		{41416D0D-5988-444D-A0C6-2295B557ED0D} = {0739063A-FC20-49ED-B750-D95F42BA2CA1}
		{7564FB3F-FC87-4137-83AF-EFE68E495766} = {0739063A-FC20-49ED-B750-D95F42BA2CA1}
		{28874868-212C-4C63-925F-642873E292FD} = {0739063A-FC20-49ED-B750-D95F42BA2CA1}
		{C438DFEE-BC7C-4083-8E32-03C5C6AEA3A1} = {0739063A-FC20-49ED-B750-D95F42BA2CA1}
		{53C0EF1F-9658-4CB5-BF39-0F381B13F5E2} = {0739063A-FC20-49ED-B750-D95F42BA2CA1}
		{4A74C32E-0D79-4451-A840-C1A8E2BBD1B6} = {0739063A-FC20-49ED-B750-D95F42BA2CA1}
		{36A18B9E-BBED-443F-AC81-44360BA7B375} = {0739063A-FC20-49ED-B750-D95F42BA2CA1}
		{7FF2C5C9-3DD0-4251-9265-941E572E35ED} = {0739063A-FC20-49ED-B750-D95F42BA2CA1}
		{FF2BBCD6-CA59-431E-8278-CAB541098DCE} = {0739063A-FC20-49ED-B750-D95F42BA2CA1}
		{6D117150-737A-4E31-90DB-BF6DF05FB1DD} = {468F5B98-7DDD-4288-8CF9-68B91A2872CB}
		{E0BE0D67-62C3-4060-93DC-A4E95458CBC4} = {0739063A-FC20-49ED-B750-D95F42BA2CA1}
		{F6BECA05-19AA-4811-B23F-277081FE22B5} = {0739063A-FC20-49ED-B750-D95F42BA2CA1}
		{C434F5D2-04A1-4479-ACC5-849BC0EA0535} = {0739063A-FC20-49ED-B750-D95F42BA2CA1}
		{468F5B98-7DDD-4288-8CF9-68B91A2872CB} = {0B97082A-06B2-468C-9037-CADC43B08057}
	EndGlobalSection
	GlobalSection(ExtensibilityGlobals) = postSolution
		SolutionGuid = {1D57DF1A-BF39-4597-A717-E3C7B88B8691}
	EndGlobalSection
EndGlobal
