
Microsoft Visual Studio Solution File, Format Version 12.00
# Visual Studio Version 17
VisualStudioVersion = 17.4.33213.308
MinimumVisualStudioVersion = 10.0.40219.1
Project("{9A19103F-16F7-4668-BE54-9A1E7A4F7556}") = "1001-extremamente-basico", "1001-extremamente-basico\1001-extremamente-basico.csproj", "{65170B3D-1BB1-456C-B37E-790F1625D9F7}"
EndProject
Project("{9A19103F-16F7-4668-BE54-9A1E7A4F7556}") = "1002-area-do-circulo", "1002-area-do-circulo\1002-area-do-circulo.csproj", "{184F2669-41B3-4687-96C3-E69E69E5A3D4}"
EndProject
Project("{9A19103F-16F7-4668-BE54-9A1E7A4F7556}") = "1003-soma-simples", "1003-soma-simples\1003-soma-simples.csproj", "{02CAA1B4-4336-4BBA-9BB7-6BFF419635A8}"
EndProject
Project("{9A19103F-16F7-4668-BE54-9A1E7A4F7556}") = "1004-produtos-simples", "1004-produtos-simples\1004-produtos-simples.csproj", "{56460286-7916-4E74-9D99-D71EEFCD9F72}"
EndProject
Project("{9A19103F-16F7-4668-BE54-9A1E7A4F7556}") = "1005-media-1", "1005-media-1\1005-media-1.csproj", "{D38575A5-5886-408F-91E4-2255DAE78ABA}"
EndProject
Project("{9A19103F-16F7-4668-BE54-9A1E7A4F7556}") = "1006-media-2", "1006-media-2\1006-media-2.csproj", "{179C0EC0-4D22-4E3B-A58D-E4681ECE24F9}"
EndProject
Project("{9A19103F-16F7-4668-BE54-9A1E7A4F7556}") = "1007-diferenca", "1007-diferenca\1007-diferenca.csproj", "{BE1057BA-36E9-40C1-9D35-0194C1E4A208}"
EndProject
Project("{9A19103F-16F7-4668-BE54-9A1E7A4F7556}") = "1008-salario", "1008-salario\1008-salario.csproj", "{F26FF386-8A86-4F8C-BB6C-0B8E57CAAAE3}"
EndProject
Project("{9A19103F-16F7-4668-BE54-9A1E7A4F7556}") = "1009-salario-com-bonus", "1009-salario-com-bonus\1009-salario-com-bonus.csproj", "{9AA40E58-2182-46E4-9D64-7DDC51B7E229}"
EndProject
Project("{2150E333-8FDC-42A3-9474-1A3956D46DE8}") = "resolvidos", "resolvidos", "{0B97082A-06B2-468C-9037-CADC43B08057}"
EndProject
Project("{2150E333-8FDC-42A3-9474-1A3956D46DE8}") = "1-facil", "1-facil", "{0739063A-FC20-49ED-B750-D95F42BA2CA1}"
EndProject
Project("{2150E333-8FDC-42A3-9474-1A3956D46DE8}") = "2-medio", "2-medio", "{E503796E-887A-4355-B518-1821A84DD15D}"
EndProject
Project("{2150E333-8FDC-42A3-9474-1A3956D46DE8}") = "3-dificil", "3-dificil", "{5B7E0409-DB85-46BD-802F-DED5D952D216}"
EndProject
Project("{9A19103F-16F7-4668-BE54-9A1E7A4F7556}") = "1010-calculo-simples", "1010-calculo-simples\1010-calculo-simples.csproj", "{DD54E168-1CD2-49F7-B39B-68DDFC03A2A9}"
EndProject
Project("{9A19103F-16F7-4668-BE54-9A1E7A4F7556}") = "1011-esfera", "1011-esfera\1011-esfera.csproj", "{6941B739-7711-4469-8E7D-B8CAD550783F}"
EndProject
Project("{9A19103F-16F7-4668-BE54-9A1E7A4F7556}") = "1012-area", "1012-area\1012-area.csproj", "{41416D0D-5988-444D-A0C6-2295B557ED0D}"
EndProject
Project("{9A19103F-16F7-4668-BE54-9A1E7A4F7556}") = "1013-o-maior", "1013-o-maior\1013-o-maior.csproj", "{7564FB3F-FC87-4137-83AF-EFE68E495766}"
EndProject
Project("{9A19103F-16F7-4668-BE54-9A1E7A4F7556}") = "1014-consumo", "1014-consumo\1014-consumo.csproj", "{28874868-212C-4C63-925F-642873E292FD}"
EndProject
Project("{9A19103F-16F7-4668-BE54-9A1E7A4F7556}") = "1015-distancia-entre-dois-pontos", "1015-distancia-entre-dois-pontos\1015-distancia-entre-dois-pontos.csproj", "{C438DFEE-BC7C-4083-8E32-03C5C6AEA3A1}"
EndProject
Project("{9A19103F-16F7-4668-BE54-9A1E7A4F7556}") = "1016-distancia", "1016-distancia\1016-distancia.csproj", "{53C0EF1F-9658-4CB5-BF39-0F381B13F5E2}"
EndProject
Project("{9A19103F-16F7-4668-BE54-9A1E7A4F7556}") = "1017-gasto-de-combustivel", "1017-gasto-de-combustivel\1017-gasto-de-combustivel.csproj", "{4A74C32E-0D79-4451-A840-C1A8E2BBD1B6}"
EndProject
Project("{9A19103F-16F7-4668-BE54-9A1E7A4F7556}") = "1018-cedulas", "1018-cedulas\1018-cedulas.csproj", "{36A18B9E-BBED-443F-AC81-44360BA7B375}"
EndProject
Project("{9A19103F-16F7-4668-BE54-9A1E7A4F7556}") = "1019-conversao-de-tempo", "1019-conversao-de-tempo\1019-conversao-de-tempo.csproj", "{7FF2C5C9-3DD0-4251-9265-941E572E35ED}"
EndProject
Project("{9A19103F-16F7-4668-BE54-9A1E7A4F7556}") = "1020-idade-em-dias", "1020-idade-em-dias\1020-idade-em-dias.csproj", "{FF2BBCD6-CA59-431E-8278-CAB541098DCE}"
EndProject
Project("{9A19103F-16F7-4668-BE54-9A1E7A4F7556}") = "1021-notas-e-moedas", "1021-notas-e-moedas\1021-notas-e-moedas.csproj", "{6D117150-737A-4E31-90DB-BF6DF05FB1DD}"
EndProject
Project("{9A19103F-16F7-4668-BE54-9A1E7A4F7556}") = "1035-teste-de-selecao-1", "1035-teste-de-selecao-1\1035-teste-de-selecao-1.csproj", "{E0BE0D67-62C3-4060-93DC-A4E95458CBC4}"
EndProject
Project("{9A19103F-16F7-4668-BE54-9A1E7A4F7556}") = "1036-formula-de-bhaskara", "1036-formula-de-bhaskara\1036-formula-de-bhaskara.csproj", "{F6BECA05-19AA-4811-B23F-277081FE22B5}"
EndProject
Project("{9A19103F-16F7-4668-BE54-9A1E7A4F7556}") = "1037-intervalo", "1037-intervalo\1037-intervalo.csproj", "{C434F5D2-04A1-4479-ACC5-849BC0EA0535}"
EndProject
Project("{2150E333-8FDC-42A3-9474-1A3956D46DE8}") = "4-bugado", "4-bugado", "{468F5B98-7DDD-4288-8CF9-68B91A2872CB}"
EndProject
Project("{9A19103F-16F7-4668-BE54-9A1E7A4F7556}") = "1038-lanche", "1038-lanche\1038-lanche.csproj", "{1A8F0025-6B91-4684-B58C-1CC92CF3EB86}"
EndProject
Project("{9A19103F-16F7-4668-BE54-9A1E7A4F7556}") = "1040-media-3", "1040-media-3\1040-media-3.csproj", "{BDFF6265-8D39-4D6C-950B-B638DAE24389}"
EndProject
Project("{9A19103F-16F7-4668-BE54-9A1E7A4F7556}") = "1041-coordenadas-de-um-ponto", "1041-coordenadas-de-um-ponto\1041-coordenadas-de-um-ponto.csproj", "{9BFABEE3-C4A6-426C-B05F-0774D6A7F1CC}"
EndProject
Project("{9A19103F-16F7-4668-BE54-9A1E7A4F7556}") = "1042-sort-simples", "1042-sort-simples\1042-sort-simples.csproj", "{23B224F0-D694-4080-94E1-91E8ACAF2303}"
EndProject
Project("{9A19103F-16F7-4668-BE54-9A1E7A4F7556}") = "1044-multiplos", "1044-multiplos\1044-multiplos.csproj", "{46D014A0-8DF6-4C25-92EB-5F5083DAD780}"
EndProject
Project("{9A19103F-16F7-4668-BE54-9A1E7A4F7556}") = "1043-triangulo", "1043-triangulo\1043-triangulo.csproj", "{FE60B138-388D-47A4-B307-19FEBFB3E5FD}"
EndProject
Project("{9A19103F-16F7-4668-BE54-9A1E7A4F7556}") = "1045-tipos-de-triangulos", "1045-tipos-de-triangulos\1045-tipos-de-triangulos.csproj", "{36AABC1C-985C-408A-9209-C1AC0F8F4B38}"
EndProject
Project("{9A19103F-16F7-4668-BE54-9A1E7A4F7556}") = "1046-tempo-de-jogo", "1046-tempo-de-jogo\1046-tempo-de-jogo.csproj", "{E6B0BD71-DB41-4265-A4A2-C3517EABB226}"
EndProject
Project("{9A19103F-16F7-4668-BE54-9A1E7A4F7556}") = "1047-tempo-de-jogo-com-minutos", "1047-tempo-de-jogo-com-minutos\1047-tempo-de-jogo-com-minutos.csproj", "{26CB801E-EDC5-4A3F-90C9-C4621F320804}"
EndProject
Project("{9A19103F-16F7-4668-BE54-9A1E7A4F7556}") = "1048-aumento-de-salario", "1048-aumento-de-salario\1048-aumento-de-salario.csproj", "{FF540B8D-DD76-4424-97E6-71DAD1C651ED}"
EndProject
Project("{9A19103F-16F7-4668-BE54-9A1E7A4F7556}") = "1049-animal", "1049-animal\1049-animal.csproj", "{ADD93536-327B-4612-902A-0BFE1018EE22}"
EndProject
Project("{9A19103F-16F7-4668-BE54-9A1E7A4F7556}") = "1050-ddd", "1050-ddd\1050-ddd.csproj", "{B26393D2-8F6D-4742-AE0A-715C3A7087E4}"
EndProject
Project("{9A19103F-16F7-4668-BE54-9A1E7A4F7556}") = "1051-imposto-de-renda", "1051-imposto-de-renda\1051-imposto-de-renda.csproj", "{F52CE6B1-4981-4349-95D0-3ABB985FA8D7}"
EndProject
Project("{9A19103F-16F7-4668-BE54-9A1E7A4F7556}") = "1052-mes", "1052-mes\1052-mes.csproj", "{AB43A1F0-3C75-4C49-A685-E9B34561356E}"
EndProject
Project("{9A19103F-16F7-4668-BE54-9A1E7A4F7556}") = "1059-numeros-pares", "1059-numeros-pares\1059-numeros-pares.csproj", "{6D27B3B0-3B59-4BB4-956E-8A3BE6ED799A}"
EndProject
Project("{9A19103F-16F7-4668-BE54-9A1E7A4F7556}") = "1060-numeros-positivos", "1060-numeros-positivos\1060-numeros-positivos.csproj", "{D67C5C65-BB60-4527-9888-A55EED4DC8D7}"
EndProject
Project("{9A19103F-16F7-4668-BE54-9A1E7A4F7556}") = "1061-tempo-de-um-evento", "1061-tempo-de-um-evento\1061-tempo-de-um-evento.csproj", "{FEE74433-F9A9-45A7-84D0-D6210B2E96AC}"
EndProject
Project("{9A19103F-16F7-4668-BE54-9A1E7A4F7556}") = "1064-positivos-e-media", "1064-positivos-e-media\1064-positivos-e-media.csproj", "{F64BAFC5-7E3E-4DB5-85E2-50A6B76A44DF}"
EndProject
Project("{9A19103F-16F7-4668-BE54-9A1E7A4F7556}") = "1065-pares-entre-cinco-numeros", "1065-pares-entre-cinco-numeros\1065-pares-entre-cinco-numeros.csproj", "{C0CAAF7B-8FB1-41AC-B9BC-C1443959358E}"
EndProject
Project("{9A19103F-16F7-4668-BE54-9A1E7A4F7556}") = "1066-pares-impares-positivos-e-negativos", "1066-pares-impares-positivos-e-negativos\1066-pares-impares-positivos-e-negativos.csproj", "{35E25AF0-C36E-4757-8F93-8192D22A6950}"
EndProject
Project("{9A19103F-16F7-4668-BE54-9A1E7A4F7556}") = "1067-numeros-impares", "1067-numeros-impares\1067-numeros-impares.csproj", "{F7590765-8BC0-4BD0-AE62-55B5C523121B}"
EndProject
Project("{9A19103F-16F7-4668-BE54-9A1E7A4F7556}") = "1070-seis-numeros-impares", "1070-seis-numeros-impares\1070-seis-numeros-impares.csproj", "{869B23E2-79BD-411F-8A41-8BC764B5D664}"
EndProject
Project("{9A19103F-16F7-4668-BE54-9A1E7A4F7556}") = "1071-soma-de-impares-consecutivos-1", "1071-soma-de-impares-consecutivos-1\1071-soma-de-impares-consecutivos-1.csproj", "{EB30AC92-C3E9-4AE2-9BE8-142E87D97CD3}"
EndProject
Project("{9A19103F-16F7-4668-BE54-9A1E7A4F7556}") = "1072-intervalo-2", "1072-intervalo-2\1072-intervalo-2.csproj", "{6AFA314A-34AB-4897-B61D-6234154CB39A}"
EndProject
Project("{9A19103F-16F7-4668-BE54-9A1E7A4F7556}") = "1073-quadrado-de-pares", "1073-quadrado-de-pares\1073-quadrado-de-pares.csproj", "{F7F369E1-A606-4BE0-A06A-7AEBFECA565C}"
EndProject
Project("{9A19103F-16F7-4668-BE54-9A1E7A4F7556}") = "1074-par-ou-impar", "1074-par-ou-impar\1074-par-ou-impar.csproj", "{CACA7DE5-8636-4666-B834-2040C3C5E451}"
EndProject
Project("{9A19103F-16F7-4668-BE54-9A1E7A4F7556}") = "1075-resto-2", "1075-resto-2\1075-resto-2.csproj", "{163554D5-08F3-4AE3-8728-5CAF57CCD63D}"
EndProject
Project("{9A19103F-16F7-4668-BE54-9A1E7A4F7556}") = "1078-tabuada", "1078-tabuada\1078-tabuada.csproj", "{E6B7C38E-1DE4-430E-8284-3A663C2D8C91}"
EndProject
Project("{9A19103F-16F7-4668-BE54-9A1E7A4F7556}") = "1079-medias-ponderadas", "1079-medias-ponderadas\1079-medias-ponderadas.csproj", "{6D860EE7-BCDF-4BB9-BAF0-143E6BC3B504}"
EndProject
Project("{9A19103F-16F7-4668-BE54-9A1E7A4F7556}") = "1080-maior-e-posicao", "1080-maior-e-posicao\1080-maior-e-posicao.csproj", "{60FFD1B0-4CB0-41F0-B63F-8A0065B23D95}"
EndProject
Project("{9A19103F-16F7-4668-BE54-9A1E7A4F7556}") = "1094-experiencias", "1094-experiencias\1094-experiencias.csproj", "{20A5CAC4-E1EA-4769-BBC9-B96F1D2D8BA5}"
EndProject
Project("{9A19103F-16F7-4668-BE54-9A1E7A4F7556}") = "1095-sequencia-ij-1", "1095-sequencia-ij-1\1095-sequencia-ij-1.csproj", "{F092C23C-4C74-4B92-8740-ACE80C1CEB18}"
EndProject
Project("{9A19103F-16F7-4668-BE54-9A1E7A4F7556}") = "1096-sequencia-ij-2", "1096-sequencia-ij-2\1096-sequencia-ij-2.csproj", "{F97AE10C-805A-41DA-9C5A-004E817DD415}"
EndProject
Project("{9A19103F-16F7-4668-BE54-9A1E7A4F7556}") = "1097-sequencia-ij-3", "1097-sequencia-ij-3\1097-sequencia-ij-3.csproj", "{5E3A1DB9-6587-4DFB-8E5F-CBB9C1D044B2}"
EndProject
Project("{9A19103F-16F7-4668-BE54-9A1E7A4F7556}") = "1098-sequencia-ij-4", "1098-sequencia-ij-4\1098-sequencia-ij-4.csproj", "{CE0588BD-5985-4AF8-8C1F-7357979F8DD0}"
EndProject
Project("{9A19103F-16F7-4668-BE54-9A1E7A4F7556}") = "1099-soma-de-impares-consecutivos-2", "1099-soma-de-impares-consecutivos-2\1099-soma-de-impares-consecutivos-2.csproj", "{E5342083-0674-4762-8135-E74C0545DB25}"
EndProject
Project("{9A19103F-16F7-4668-BE54-9A1E7A4F7556}") = "1101-sequencia-de-numeros-e-soma", "1101-sequencia-de-numeros-e-soma\1101-sequencia-de-numeros-e-soma.csproj", "{4C218427-E7F1-4224-A608-F2416EEC0027}"
EndProject
Project("{9A19103F-16F7-4668-BE54-9A1E7A4F7556}") = "1113-crescente-e-decrescente", "1113-crescente-e-decrescente\1113-crescente-e-decrescente.csproj", "{789321B6-328A-4752-A1A0-C3D8C18FE98A}"
EndProject
Project("{9A19103F-16F7-4668-BE54-9A1E7A4F7556}") = "1114-senha-fixa", "1114-senha-fixa\1114-senha-fixa.csproj", "{444D8135-4A04-4609-B743-079400619729}"
EndProject
Project("{9A19103F-16F7-4668-BE54-9A1E7A4F7556}") = "1115-quadrante", "1115-quadrante\1115-quadrante.csproj", "{DC3AD5AA-B675-40B0-8493-B929EE49F183}"
EndProject
Project("{9A19103F-16F7-4668-BE54-9A1E7A4F7556}") = "1116-dividindo-x-por-y", "1116-dividindo-x-por-y\1116-dividindo-x-por-y.csproj", "{8D8C22A5-2097-45A2-AB88-3D2F3EA3A268}"
EndProject
Project("{9A19103F-16F7-4668-BE54-9A1E7A4F7556}") = "1117-validacao-de-nota", "1117-validacao-de-nota\1117-validacao-de-nota.csproj", "{8BDD29D7-AD3B-49C0-BF22-36E37B771FBB}"
EndProject
Project("{9A19103F-16F7-4668-BE54-9A1E7A4F7556}") = "1118-varias-notas-com-validacao", "1118-varias-notas-com-validacao\1118-varias-notas-com-validacao.csproj", "{D73E1FCD-7C77-43F2-8A9C-14C7615BEDC4}"
EndProject
Project("{9A19103F-16F7-4668-BE54-9A1E7A4F7556}") = "1131-grenais", "1131-grenais\1131-grenais.csproj", "{0C99DA7F-FE52-4DC8-BAE9-BE381AA4CD21}"
EndProject
Project("{9A19103F-16F7-4668-BE54-9A1E7A4F7556}") = "1132-multiplos-de-13", "1132-multiplos-de-13\1132-multiplos-de-13.csproj", "{FED31040-FC5B-4DDF-B962-20A4A97838AE}"
EndProject
Project("{9A19103F-16F7-4668-BE54-9A1E7A4F7556}") = "1133-resto-da-divisao", "1133-resto-da-divisao\1133-resto-da-divisao.csproj", "{F9E8F9F0-39CD-42AD-B55E-1C812FCA62FC}"
EndProject
Project("{9A19103F-16F7-4668-BE54-9A1E7A4F7556}") = "1134-tipo-de-combustivel", "1134-tipo-de-combustivel\1134-tipo-de-combustivel.csproj", "{3B2F6954-A27B-49A8-A9B3-DE32AC07C0F5}"
EndProject
Project("{9A19103F-16F7-4668-BE54-9A1E7A4F7556}") = "1142-pum", "1142-pum\1142-pum.csproj", "{21C4425E-A2A4-4C63-A329-AFE8ECF9C318}"
EndProject
Project("{9A19103F-16F7-4668-BE54-9A1E7A4F7556}") = "1143-quadrado-e-ao-cubo", "1143-quadrado-e-ao-cubo\1143-quadrado-e-ao-cubo.csproj", "{FC47AB53-447D-4890-BF9D-CFB5CA19ADC8}"
EndProject
Project("{9A19103F-16F7-4668-BE54-9A1E7A4F7556}") = "1144-sequencia-logica", "1144-sequencia-logica\1144-sequencia-logica.csproj", "{555D816A-4193-406F-951C-097FA42F48D4}"
EndProject
Project("{9A19103F-16F7-4668-BE54-9A1E7A4F7556}") = "1145-sequencia-logica-2", "1145-sequencia-logica-2\1145-sequencia-logica-2.csproj", "{EF726AC0-42A5-4F76-AFC8-8712E82ABDB3}"
EndProject
Project("{9A19103F-16F7-4668-BE54-9A1E7A4F7556}") = "1146-sequencias-crescentes", "1146-sequencias-crescentes\1146-sequencias-crescentes.csproj", "{BB6500FD-DB65-4B11-8248-BC73C1FA4DC5}"
EndProject
Project("{9A19103F-16F7-4668-BE54-9A1E7A4F7556}") = "1149-somando-inteiros-consecutivos", "1149-somando-inteiros-consecutivos\1149-somando-inteiros-consecutivos.csproj", "{B32EC950-AB61-42B1-8E36-1F38D9E8AD98}"
EndProject
Project("{9A19103F-16F7-4668-BE54-9A1E7A4F7556}") = "1150-ultrapassando-z", "1150-ultrapassando-z\1150-ultrapassando-z.csproj", "{09855326-C89A-4A96-BE5F-6CF97AAF610E}"
EndProject
Project("{9A19103F-16F7-4668-BE54-9A1E7A4F7556}") = "1151-fibonacci-facil", "1151-fibonacci-facil\1151-fibonacci-facil.csproj", "{5F9DE524-D287-436A-B565-440B5D362D7D}"
EndProject
Project("{9A19103F-16F7-4668-BE54-9A1E7A4F7556}") = "1153-fatorial-simples", "1153-fatorial-simples\1153-fatorial-simples.csproj", "{7DE00683-1D64-4D94-AA63-FB8806551A1D}"
EndProject
Project("{9A19103F-16F7-4668-BE54-9A1E7A4F7556}") = "1154-idades", "1154-idades\1154-idades.csproj", "{F43A3A6D-84D8-479F-9A35-B56E8E797C6E}"
EndProject
Project("{9A19103F-16F7-4668-BE54-9A1E7A4F7556}") = "1155-sequencia-s", "1155-sequencia-s\1155-sequencia-s.csproj", "{A06B1989-F519-409D-95E6-3DEDE17722A7}"
EndProject
Project("{9A19103F-16F7-4668-BE54-9A1E7A4F7556}") = "1156-sequencia-s-2", "1156-sequencia-s-2\1156-sequencia-s-2.csproj", "{BFEADDDE-B8B1-45B5-B029-C18B994273D9}"
EndProject
Project("{9A19103F-16F7-4668-BE54-9A1E7A4F7556}") = "1157-divisores-1", "1157-divisores-1\1157-divisores-1.csproj", "{5988E511-13E6-475C-A5FB-8DEE508F7728}"
EndProject
Project("{9A19103F-16F7-4668-BE54-9A1E7A4F7556}") = "1158-soma-de-impares-consecutivos-3", "1158-soma-de-impares-consecutivos-3\1158-soma-de-impares-consecutivos-3.csproj", "{8576DED1-B894-49CE-ABAB-67353C91A287}"
EndProject
Project("{9A19103F-16F7-4668-BE54-9A1E7A4F7556}") = "1159-soma-de-pares-consecutivos", "1159-soma-de-pares-consecutivos\1159-soma-de-pares-consecutivos.csproj", "{EDFBA600-7F5A-4DBC-818A-C7037DAC586A}"
EndProject
Project("{9A19103F-16F7-4668-BE54-9A1E7A4F7556}") = "1160-crescimento-populacional", "1160-crescimento-populacional\1160-crescimento-populacional.csproj", "{3BF28F5C-6B7D-4A2B-99E3-EC051A58ED77}"
EndProject
Project("{9A19103F-16F7-4668-BE54-9A1E7A4F7556}") = "1164-numero-perfeito", "1164-numero-perfeito\1164-numero-perfeito.csproj", "{E636A398-D1B4-4659-ACCF-624FFCDA1A83}"
EndProject
Project("{9A19103F-16F7-4668-BE54-9A1E7A4F7556}") = "1165-numero-primo", "1165-numero-primo\1165-numero-primo.csproj", "{8A851165-0DF8-40DE-A35B-9B941CF77537}"
EndProject
Project("{9A19103F-16F7-4668-BE54-9A1E7A4F7556}") = "1172-substituicao-em-vetor-1", "1172-substituicao-em-vetor-1\1172-substituicao-em-vetor-1.csproj", "{ECD3B539-7B96-4A98-B77F-AB34AA3ADA63}"
EndProject
Project("{9A19103F-16F7-4668-BE54-9A1E7A4F7556}") = "1173-preenchimento-de-vetor-1", "1173-preenchimento-de-vetor-1\1173-preenchimento-de-vetor-1.csproj", "{25C9E3B6-CCA7-485D-A8A9-3D818C84271F}"
EndProject
Project("{9A19103F-16F7-4668-BE54-9A1E7A4F7556}") = "1174-selecao-em-vetor-1", "1174-selecao-em-vetor-1\1174-selecao-em-vetor-1.csproj", "{F5E26C9A-8176-42D6-84F7-63B813BBEA70}"
EndProject
Project("{9A19103F-16F7-4668-BE54-9A1E7A4F7556}") = "1175-troca-em-vetor-1", "1175-troca-em-vetor-1\1175-troca-em-vetor-1.csproj", "{88E60CEF-C10A-436A-9096-EF8B8E1FAFA2}"
EndProject
Project("{9A19103F-16F7-4668-BE54-9A1E7A4F7556}") = "1176-fibonacci-em-vetor", "1176-fibonacci-em-vetor\1176-fibonacci-em-vetor.csproj", "{1EE40AF5-5F8E-42E9-AB9C-E39D80A0D39A}"
EndProject
Project("{9A19103F-16F7-4668-BE54-9A1E7A4F7556}") = "1177-preenchimento-de-vetor-2", "1177-preenchimento-de-vetor-2\1177-preenchimento-de-vetor-2.csproj", "{058CE265-9074-4CA3-B25F-62B70AC677C2}"
EndProject
Project("{9A19103F-16F7-4668-BE54-9A1E7A4F7556}") = "1178-preenchimento-de-vetor-3", "1178-preenchimento-de-vetor-3\1178-preenchimento-de-vetor-3.csproj", "{0DFC7D18-F8A5-4CC0-95B5-7DCF1DECFBD0}"
EndProject
Project("{9A19103F-16F7-4668-BE54-9A1E7A4F7556}") = "1179-preenchimento-de-vetor-4", "1179-preenchimento-de-vetor-4\1179-preenchimento-de-vetor-4.csproj", "{3F3AE4E6-4AC0-4DAA-9E18-8754F38C3526}"
EndProject
Project("{9A19103F-16F7-4668-BE54-9A1E7A4F7556}") = "1180-menor-e-posicao", "1180-menor-e-posicao\1180-menor-e-posicao.csproj", "{44C331C0-CF21-4241-B3D0-8B7CD5B07527}"
EndProject
Project("{9A19103F-16F7-4668-BE54-9A1E7A4F7556}") = "1181-linha-na-matriz", "1181-linha-na-matriz\1181-linha-na-matriz.csproj", "{F7EFC8D9-FDC6-4085-A4C3-3E2E11F3DE59}"
EndProject
Project("{9A19103F-16F7-4668-BE54-9A1E7A4F7556}") = "1182-coluna-na-matriz", "1182-coluna-na-matriz\1182-coluna-na-matriz.csproj", "{609A6A2D-2BC0-4A98-BDB6-8100F2298FC8}"
EndProject
Project("{9A19103F-16F7-4668-BE54-9A1E7A4F7556}") = "1564-vai-ter-copa", "1564-vai-ter-copa\1564-vai-ter-copa.csproj", "{AD8D125E-F3BC-4DF9-83AF-C232B268FD55}"
EndProject
Project("{9A19103F-16F7-4668-BE54-9A1E7A4F7556}") = "1589-bob-conduite", "1589-bob-conduite\1589-bob-conduite.csproj", "{584C10D0-262E-4AC4-A403-B270F449B18A}"
EndProject
Project("{9A19103F-16F7-4668-BE54-9A1E7A4F7556}") = "1759-ho-ho-ho", "1759-ho-ho-ho\1759-ho-ho-ho.csproj", "{6D8F1E2E-00B4-49AE-8CA7-F53646311B0D}"
EndProject
Project("{9A19103F-16F7-4668-BE54-9A1E7A4F7556}") = "1827-a-corrida-das-lesmas", "1827-a-corrida-das-lesmas\1827-a-corrida-das-lesmas.csproj", "{0CA36E92-BE71-4726-BC0F-44E6A4D94873}"
EndProject
Project("{9A19103F-16F7-4668-BE54-9A1E7A4F7556}") = "1828-bazinga", "1828-bazinga\1828-bazinga.csproj", "{3F56FA96-805F-4197-B9AC-2680E02E2A9A}"
EndProject
Project("{9A19103F-16F7-4668-BE54-9A1E7A4F7556}") = "1837-prefacio", "1837-prefacio\1837-prefacio.csproj", "{332BDA98-DC87-4F3E-8DC8-F0CBB131A790}"
EndProject
Project("{9A19103F-16F7-4668-BE54-9A1E7A4F7556}") = "1847-bem-vindos-e-bem-vindas-ao-inverno", "1847-bem-vindos-e-bem-vindas-ao-inverno\1847-bem-vindos-e-bem-vindas-ao-inverno.csproj", "{64F9C50A-411C-4F0D-AD27-93D19244F6DD}"
EndProject
Project("{9A19103F-16F7-4668-BE54-9A1E7A4F7556}") = "1848-corvo-contador", "1848-corvo-contador\1848-corvo-contador.csproj", "{A343B6A1-88B6-47E5-B9DA-384579406174}"
EndProject
Project("{9A19103F-16F7-4668-BE54-9A1E7A4F7556}") = "1858-a-resposta-de-theon", "1858-a-resposta-de-theon\1858-a-resposta-de-theon.csproj", "{4F56342A-913F-40C4-B478-1138C5E0E00E}"
EndProject
Project("{9A19103F-16F7-4668-BE54-9A1E7A4F7556}") = "1864-nossos-dias-nunca-voltarao", "1864-nossos-dias-nunca-voltarao\1864-nossos-dias-nunca-voltarao.csproj", "{AD04C089-082D-4AAA-86AC-CE359E8B0853}"
EndProject
Project("{9A19103F-16F7-4668-BE54-9A1E7A4F7556}") = "2544-kage-bunshin-no-jutsu", "2544-kage-bunshin-no-jutsu\2544-kage-bunshin-no-jutsu.csproj", "{1C718BAF-5300-4345-9885-C59F00F783A1}"
EndProject
Project("{9A19103F-16F7-4668-BE54-9A1E7A4F7556}") = "1865-mjolnir", "1865-mjolnir\1865-mjolnir.csproj", "{58F7EBFC-F5DE-4F03-9C93-61AD5AFF4CB7}"
EndProject
Project("{9A19103F-16F7-4668-BE54-9A1E7A4F7556}") = "1866-conta", "1866-conta\1866-conta.csproj", "{F307B329-AE8E-4A64-8046-4D8F9C669BDE}"
EndProject
Project("{9A19103F-16F7-4668-BE54-9A1E7A4F7556}") = "1914-de-quem-e-a-vez", "1914-de-quem-e-a-vez\1914-de-quem-e-a-vez.csproj", "{7933939F-0E25-47EB-AD6A-36F8EA0A4B88}"
EndProject
Project("{9A19103F-16F7-4668-BE54-9A1E7A4F7556}") = "1924-vitoria-e-a-indecisao", "1924-vitoria-e-a-indecisao\1924-vitoria-e-a-indecisao.csproj", "{3EE0D448-E249-40B8-869F-17F5DBE08988}"
EndProject
Project("{9A19103F-16F7-4668-BE54-9A1E7A4F7556}") = "1929-triangulo", "1929-triangulo\1929-triangulo.csproj", "{DDCE2DEF-839A-4AE1-9DBE-31A71F50828C}"
EndProject
Project("{9A19103F-16F7-4668-BE54-9A1E7A4F7556}") = "1957-converter-para-hexadecimal", "1957-converter-para-hexadecimal\1957-converter-para-hexadecimal.csproj", "{7D86D591-F3CB-4EC6-893F-BFC720A283F3}"
EndProject
Project("{9A19103F-16F7-4668-BE54-9A1E7A4F7556}") = "1959-poligonos-regulares-simples", "1959-poligonos-regulares-simples\1959-poligonos-regulares-simples.csproj", "{2E956F86-2128-45F6-A5EE-6E121EDCB91B}"
EndProject
Project("{9A19103F-16F7-4668-BE54-9A1E7A4F7556}") = "1960-numeracao-romana-para-numeros-de-pagina", "1960-numeracao-romana-para-numeros-de-pagina\1960-numeracao-romana-para-numeros-de-pagina.csproj", "{EC11249C-84B8-4BF9-A04A-9955C7E3721C}"
EndProject
Project("{9A19103F-16F7-4668-BE54-9A1E7A4F7556}") = "1961-pula-sapo", "1961-pula-sapo\1961-pula-sapo.csproj", "{951827A3-4D7E-458D-9C7E-3317720971A0}"
EndProject
Project("{9A19103F-16F7-4668-BE54-9A1E7A4F7556}") = "1962-ha-muito-muito-tempo-atras", "1962-ha-muito-muito-tempo-atras\1962-ha-muito-muito-tempo-atras.csproj", "{B66B2B5D-6C9C-4EAB-91AE-B062454C311A}"
EndProject
Project("{9A19103F-16F7-4668-BE54-9A1E7A4F7556}") = "1963-o-filme", "1963-o-filme\1963-o-filme.csproj", "{D3B3360C-DF2B-4F37-B7BD-04D1F71CE4FE}"
EndProject
Project("{9A19103F-16F7-4668-BE54-9A1E7A4F7556}") = "1983-o-escolhido", "1983-o-escolhido\1983-o-escolhido.csproj", "{C21C9624-2E7F-44A2-8CC1-1E314F2DB467}"
EndProject
Project("{9A19103F-16F7-4668-BE54-9A1E7A4F7556}") = "1984-o-enigma-do-pronalandia", "1984-o-enigma-do-pronalandia\1984-o-enigma-do-pronalandia.csproj", "{126BC4D8-9120-4212-82D9-E8C442356394}"
EndProject
Project("{9A19103F-16F7-4668-BE54-9A1E7A4F7556}") = "1985-macpronalts", "1985-macpronalts\1985-macpronalts.csproj", "{D32CE8F7-7929-4683-A143-EF1A2343CDE4}"
EndProject
Project("{9A19103F-16F7-4668-BE54-9A1E7A4F7556}") = "2003-domingo-de-manha", "2003-domingo-de-manha\2003-domingo-de-manha.csproj", "{137ED54A-B37E-4C83-8ED3-24080E4B890E}"
EndProject
Project("{9A19103F-16F7-4668-BE54-9A1E7A4F7556}") = "2006-identificando-o-cha", "2006-identificando-o-cha\2006-identificando-o-cha.csproj", "{84DADDA5-DDC7-403A-A2F9-765A4FBFDD14}"
EndProject
Project("{9A19103F-16F7-4668-BE54-9A1E7A4F7556}") = "2029-reservatorio-de-mel", "2029-reservatorio-de-mel\2029-reservatorio-de-mel.csproj", "{1E8D01E4-9348-4EEE-B138-7DF807A89BE6}"
EndProject
Project("{9A19103F-16F7-4668-BE54-9A1E7A4F7556}") = "2031-pedra-papel-ataque-aereo", "2031-pedra-papel-ataque-aereo\2031-pedra-papel-ataque-aereo.csproj", "{E11946F2-4506-4CCF-9807-F880ADD1F76E}"
EndProject
Project("{9A19103F-16F7-4668-BE54-9A1E7A4F7556}") = "2057-fuso-horario", "2057-fuso-horario\2057-fuso-horario.csproj", "{FB0AFE29-8E6E-4C3E-8A6C-CE5D8D98F0DE}"
EndProject
Project("{9A19103F-16F7-4668-BE54-9A1E7A4F7556}") = "2059-impar-par-ou-roubo", "2059-impar-par-ou-roubo\2059-impar-par-ou-roubo.csproj", "{8FD4811A-A7A6-47D1-A26B-DC844F3E8715}"
EndProject
Project("{9A19103F-16F7-4668-BE54-9A1E7A4F7556}") = "1930-tomadas", "1929-tomadas\1930-tomadas.csproj", "{26BC5DC0-7389-414C-902C-A82D66BDFA9B}"
EndProject
Global
	GlobalSection(SolutionConfigurationPlatforms) = preSolution
		Debug|Any CPU = Debug|Any CPU
		Release|Any CPU = Release|Any CPU
	EndGlobalSection
	GlobalSection(ProjectConfigurationPlatforms) = postSolution
		{65170B3D-1BB1-456C-B37E-790F1625D9F7}.Debug|Any CPU.ActiveCfg = Debug|Any CPU
		{65170B3D-1BB1-456C-B37E-790F1625D9F7}.Debug|Any CPU.Build.0 = Debug|Any CPU
		{65170B3D-1BB1-456C-B37E-790F1625D9F7}.Release|Any CPU.ActiveCfg = Release|Any CPU
		{65170B3D-1BB1-456C-B37E-790F1625D9F7}.Release|Any CPU.Build.0 = Release|Any CPU
		{184F2669-41B3-4687-96C3-E69E69E5A3D4}.Debug|Any CPU.ActiveCfg = Debug|Any CPU
		{184F2669-41B3-4687-96C3-E69E69E5A3D4}.Debug|Any CPU.Build.0 = Debug|Any CPU
		{184F2669-41B3-4687-96C3-E69E69E5A3D4}.Release|Any CPU.ActiveCfg = Release|Any CPU
		{184F2669-41B3-4687-96C3-E69E69E5A3D4}.Release|Any CPU.Build.0 = Release|Any CPU
		{02CAA1B4-4336-4BBA-9BB7-6BFF419635A8}.Debug|Any CPU.ActiveCfg = Debug|Any CPU
		{02CAA1B4-4336-4BBA-9BB7-6BFF419635A8}.Debug|Any CPU.Build.0 = Debug|Any CPU
		{02CAA1B4-4336-4BBA-9BB7-6BFF419635A8}.Release|Any CPU.ActiveCfg = Release|Any CPU
		{02CAA1B4-4336-4BBA-9BB7-6BFF419635A8}.Release|Any CPU.Build.0 = Release|Any CPU
		{56460286-7916-4E74-9D99-D71EEFCD9F72}.Debug|Any CPU.ActiveCfg = Debug|Any CPU
		{56460286-7916-4E74-9D99-D71EEFCD9F72}.Debug|Any CPU.Build.0 = Debug|Any CPU
		{56460286-7916-4E74-9D99-D71EEFCD9F72}.Release|Any CPU.ActiveCfg = Release|Any CPU
		{56460286-7916-4E74-9D99-D71EEFCD9F72}.Release|Any CPU.Build.0 = Release|Any CPU
		{D38575A5-5886-408F-91E4-2255DAE78ABA}.Debug|Any CPU.ActiveCfg = Debug|Any CPU
		{D38575A5-5886-408F-91E4-2255DAE78ABA}.Debug|Any CPU.Build.0 = Debug|Any CPU
		{D38575A5-5886-408F-91E4-2255DAE78ABA}.Release|Any CPU.ActiveCfg = Release|Any CPU
		{D38575A5-5886-408F-91E4-2255DAE78ABA}.Release|Any CPU.Build.0 = Release|Any CPU
		{179C0EC0-4D22-4E3B-A58D-E4681ECE24F9}.Debug|Any CPU.ActiveCfg = Debug|Any CPU
		{179C0EC0-4D22-4E3B-A58D-E4681ECE24F9}.Debug|Any CPU.Build.0 = Debug|Any CPU
		{179C0EC0-4D22-4E3B-A58D-E4681ECE24F9}.Release|Any CPU.ActiveCfg = Release|Any CPU
		{179C0EC0-4D22-4E3B-A58D-E4681ECE24F9}.Release|Any CPU.Build.0 = Release|Any CPU
		{BE1057BA-36E9-40C1-9D35-0194C1E4A208}.Debug|Any CPU.ActiveCfg = Debug|Any CPU
		{BE1057BA-36E9-40C1-9D35-0194C1E4A208}.Debug|Any CPU.Build.0 = Debug|Any CPU
		{BE1057BA-36E9-40C1-9D35-0194C1E4A208}.Release|Any CPU.ActiveCfg = Release|Any CPU
		{BE1057BA-36E9-40C1-9D35-0194C1E4A208}.Release|Any CPU.Build.0 = Release|Any CPU
		{F26FF386-8A86-4F8C-BB6C-0B8E57CAAAE3}.Debug|Any CPU.ActiveCfg = Debug|Any CPU
		{F26FF386-8A86-4F8C-BB6C-0B8E57CAAAE3}.Debug|Any CPU.Build.0 = Debug|Any CPU
		{F26FF386-8A86-4F8C-BB6C-0B8E57CAAAE3}.Release|Any CPU.ActiveCfg = Release|Any CPU
		{F26FF386-8A86-4F8C-BB6C-0B8E57CAAAE3}.Release|Any CPU.Build.0 = Release|Any CPU
		{9AA40E58-2182-46E4-9D64-7DDC51B7E229}.Debug|Any CPU.ActiveCfg = Debug|Any CPU
		{9AA40E58-2182-46E4-9D64-7DDC51B7E229}.Debug|Any CPU.Build.0 = Debug|Any CPU
		{9AA40E58-2182-46E4-9D64-7DDC51B7E229}.Release|Any CPU.ActiveCfg = Release|Any CPU
		{9AA40E58-2182-46E4-9D64-7DDC51B7E229}.Release|Any CPU.Build.0 = Release|Any CPU
		{DD54E168-1CD2-49F7-B39B-68DDFC03A2A9}.Debug|Any CPU.ActiveCfg = Debug|Any CPU
		{DD54E168-1CD2-49F7-B39B-68DDFC03A2A9}.Debug|Any CPU.Build.0 = Debug|Any CPU
		{DD54E168-1CD2-49F7-B39B-68DDFC03A2A9}.Release|Any CPU.ActiveCfg = Release|Any CPU
		{DD54E168-1CD2-49F7-B39B-68DDFC03A2A9}.Release|Any CPU.Build.0 = Release|Any CPU
		{6941B739-7711-4469-8E7D-B8CAD550783F}.Debug|Any CPU.ActiveCfg = Debug|Any CPU
		{6941B739-7711-4469-8E7D-B8CAD550783F}.Debug|Any CPU.Build.0 = Debug|Any CPU
		{6941B739-7711-4469-8E7D-B8CAD550783F}.Release|Any CPU.ActiveCfg = Release|Any CPU
		{6941B739-7711-4469-8E7D-B8CAD550783F}.Release|Any CPU.Build.0 = Release|Any CPU
		{41416D0D-5988-444D-A0C6-2295B557ED0D}.Debug|Any CPU.ActiveCfg = Debug|Any CPU
		{41416D0D-5988-444D-A0C6-2295B557ED0D}.Debug|Any CPU.Build.0 = Debug|Any CPU
		{41416D0D-5988-444D-A0C6-2295B557ED0D}.Release|Any CPU.ActiveCfg = Release|Any CPU
		{41416D0D-5988-444D-A0C6-2295B557ED0D}.Release|Any CPU.Build.0 = Release|Any CPU
		{7564FB3F-FC87-4137-83AF-EFE68E495766}.Debug|Any CPU.ActiveCfg = Debug|Any CPU
		{7564FB3F-FC87-4137-83AF-EFE68E495766}.Debug|Any CPU.Build.0 = Debug|Any CPU
		{7564FB3F-FC87-4137-83AF-EFE68E495766}.Release|Any CPU.ActiveCfg = Release|Any CPU
		{7564FB3F-FC87-4137-83AF-EFE68E495766}.Release|Any CPU.Build.0 = Release|Any CPU
		{28874868-212C-4C63-925F-642873E292FD}.Debug|Any CPU.ActiveCfg = Debug|Any CPU
		{28874868-212C-4C63-925F-642873E292FD}.Debug|Any CPU.Build.0 = Debug|Any CPU
		{28874868-212C-4C63-925F-642873E292FD}.Release|Any CPU.ActiveCfg = Release|Any CPU
		{28874868-212C-4C63-925F-642873E292FD}.Release|Any CPU.Build.0 = Release|Any CPU
		{C438DFEE-BC7C-4083-8E32-03C5C6AEA3A1}.Debug|Any CPU.ActiveCfg = Debug|Any CPU
		{C438DFEE-BC7C-4083-8E32-03C5C6AEA3A1}.Debug|Any CPU.Build.0 = Debug|Any CPU
		{C438DFEE-BC7C-4083-8E32-03C5C6AEA3A1}.Release|Any CPU.ActiveCfg = Release|Any CPU
		{C438DFEE-BC7C-4083-8E32-03C5C6AEA3A1}.Release|Any CPU.Build.0 = Release|Any CPU
		{53C0EF1F-9658-4CB5-BF39-0F381B13F5E2}.Debug|Any CPU.ActiveCfg = Debug|Any CPU
		{53C0EF1F-9658-4CB5-BF39-0F381B13F5E2}.Debug|Any CPU.Build.0 = Debug|Any CPU
		{53C0EF1F-9658-4CB5-BF39-0F381B13F5E2}.Release|Any CPU.ActiveCfg = Release|Any CPU
		{53C0EF1F-9658-4CB5-BF39-0F381B13F5E2}.Release|Any CPU.Build.0 = Release|Any CPU
		{4A74C32E-0D79-4451-A840-C1A8E2BBD1B6}.Debug|Any CPU.ActiveCfg = Debug|Any CPU
		{4A74C32E-0D79-4451-A840-C1A8E2BBD1B6}.Debug|Any CPU.Build.0 = Debug|Any CPU
		{4A74C32E-0D79-4451-A840-C1A8E2BBD1B6}.Release|Any CPU.ActiveCfg = Release|Any CPU
		{4A74C32E-0D79-4451-A840-C1A8E2BBD1B6}.Release|Any CPU.Build.0 = Release|Any CPU
		{36A18B9E-BBED-443F-AC81-44360BA7B375}.Debug|Any CPU.ActiveCfg = Debug|Any CPU
		{36A18B9E-BBED-443F-AC81-44360BA7B375}.Debug|Any CPU.Build.0 = Debug|Any CPU
		{36A18B9E-BBED-443F-AC81-44360BA7B375}.Release|Any CPU.ActiveCfg = Release|Any CPU
		{36A18B9E-BBED-443F-AC81-44360BA7B375}.Release|Any CPU.Build.0 = Release|Any CPU
		{7FF2C5C9-3DD0-4251-9265-941E572E35ED}.Debug|Any CPU.ActiveCfg = Debug|Any CPU
		{7FF2C5C9-3DD0-4251-9265-941E572E35ED}.Debug|Any CPU.Build.0 = Debug|Any CPU
		{7FF2C5C9-3DD0-4251-9265-941E572E35ED}.Release|Any CPU.ActiveCfg = Release|Any CPU
		{7FF2C5C9-3DD0-4251-9265-941E572E35ED}.Release|Any CPU.Build.0 = Release|Any CPU
		{FF2BBCD6-CA59-431E-8278-CAB541098DCE}.Debug|Any CPU.ActiveCfg = Debug|Any CPU
		{FF2BBCD6-CA59-431E-8278-CAB541098DCE}.Debug|Any CPU.Build.0 = Debug|Any CPU
		{FF2BBCD6-CA59-431E-8278-CAB541098DCE}.Release|Any CPU.ActiveCfg = Release|Any CPU
		{FF2BBCD6-CA59-431E-8278-CAB541098DCE}.Release|Any CPU.Build.0 = Release|Any CPU
		{6D117150-737A-4E31-90DB-BF6DF05FB1DD}.Debug|Any CPU.ActiveCfg = Debug|Any CPU
		{6D117150-737A-4E31-90DB-BF6DF05FB1DD}.Debug|Any CPU.Build.0 = Debug|Any CPU
		{6D117150-737A-4E31-90DB-BF6DF05FB1DD}.Release|Any CPU.ActiveCfg = Release|Any CPU
		{6D117150-737A-4E31-90DB-BF6DF05FB1DD}.Release|Any CPU.Build.0 = Release|Any CPU
		{E0BE0D67-62C3-4060-93DC-A4E95458CBC4}.Debug|Any CPU.ActiveCfg = Debug|Any CPU
		{E0BE0D67-62C3-4060-93DC-A4E95458CBC4}.Debug|Any CPU.Build.0 = Debug|Any CPU
		{E0BE0D67-62C3-4060-93DC-A4E95458CBC4}.Release|Any CPU.ActiveCfg = Release|Any CPU
		{E0BE0D67-62C3-4060-93DC-A4E95458CBC4}.Release|Any CPU.Build.0 = Release|Any CPU
		{F6BECA05-19AA-4811-B23F-277081FE22B5}.Debug|Any CPU.ActiveCfg = Debug|Any CPU
		{F6BECA05-19AA-4811-B23F-277081FE22B5}.Debug|Any CPU.Build.0 = Debug|Any CPU
		{F6BECA05-19AA-4811-B23F-277081FE22B5}.Release|Any CPU.ActiveCfg = Release|Any CPU
		{F6BECA05-19AA-4811-B23F-277081FE22B5}.Release|Any CPU.Build.0 = Release|Any CPU
		{C434F5D2-04A1-4479-ACC5-849BC0EA0535}.Debug|Any CPU.ActiveCfg = Debug|Any CPU
		{C434F5D2-04A1-4479-ACC5-849BC0EA0535}.Debug|Any CPU.Build.0 = Debug|Any CPU
		{C434F5D2-04A1-4479-ACC5-849BC0EA0535}.Release|Any CPU.ActiveCfg = Release|Any CPU
		{C434F5D2-04A1-4479-ACC5-849BC0EA0535}.Release|Any CPU.Build.0 = Release|Any CPU
		{1A8F0025-6B91-4684-B58C-1CC92CF3EB86}.Debug|Any CPU.ActiveCfg = Debug|Any CPU
		{1A8F0025-6B91-4684-B58C-1CC92CF3EB86}.Debug|Any CPU.Build.0 = Debug|Any CPU
		{1A8F0025-6B91-4684-B58C-1CC92CF3EB86}.Release|Any CPU.ActiveCfg = Release|Any CPU
		{1A8F0025-6B91-4684-B58C-1CC92CF3EB86}.Release|Any CPU.Build.0 = Release|Any CPU
		{BDFF6265-8D39-4D6C-950B-B638DAE24389}.Debug|Any CPU.ActiveCfg = Debug|Any CPU
		{BDFF6265-8D39-4D6C-950B-B638DAE24389}.Debug|Any CPU.Build.0 = Debug|Any CPU
		{BDFF6265-8D39-4D6C-950B-B638DAE24389}.Release|Any CPU.ActiveCfg = Release|Any CPU
		{BDFF6265-8D39-4D6C-950B-B638DAE24389}.Release|Any CPU.Build.0 = Release|Any CPU
		{9BFABEE3-C4A6-426C-B05F-0774D6A7F1CC}.Debug|Any CPU.ActiveCfg = Debug|Any CPU
		{9BFABEE3-C4A6-426C-B05F-0774D6A7F1CC}.Debug|Any CPU.Build.0 = Debug|Any CPU
		{9BFABEE3-C4A6-426C-B05F-0774D6A7F1CC}.Release|Any CPU.ActiveCfg = Release|Any CPU
		{9BFABEE3-C4A6-426C-B05F-0774D6A7F1CC}.Release|Any CPU.Build.0 = Release|Any CPU
		{23B224F0-D694-4080-94E1-91E8ACAF2303}.Debug|Any CPU.ActiveCfg = Debug|Any CPU
		{23B224F0-D694-4080-94E1-91E8ACAF2303}.Debug|Any CPU.Build.0 = Debug|Any CPU
		{23B224F0-D694-4080-94E1-91E8ACAF2303}.Release|Any CPU.ActiveCfg = Release|Any CPU
		{23B224F0-D694-4080-94E1-91E8ACAF2303}.Release|Any CPU.Build.0 = Release|Any CPU
		{46D014A0-8DF6-4C25-92EB-5F5083DAD780}.Debug|Any CPU.ActiveCfg = Debug|Any CPU
		{46D014A0-8DF6-4C25-92EB-5F5083DAD780}.Debug|Any CPU.Build.0 = Debug|Any CPU
		{46D014A0-8DF6-4C25-92EB-5F5083DAD780}.Release|Any CPU.ActiveCfg = Release|Any CPU
		{46D014A0-8DF6-4C25-92EB-5F5083DAD780}.Release|Any CPU.Build.0 = Release|Any CPU
		{FE60B138-388D-47A4-B307-19FEBFB3E5FD}.Debug|Any CPU.ActiveCfg = Debug|Any CPU
		{FE60B138-388D-47A4-B307-19FEBFB3E5FD}.Debug|Any CPU.Build.0 = Debug|Any CPU
		{FE60B138-388D-47A4-B307-19FEBFB3E5FD}.Release|Any CPU.ActiveCfg = Release|Any CPU
		{FE60B138-388D-47A4-B307-19FEBFB3E5FD}.Release|Any CPU.Build.0 = Release|Any CPU
		{36AABC1C-985C-408A-9209-C1AC0F8F4B38}.Debug|Any CPU.ActiveCfg = Debug|Any CPU
		{36AABC1C-985C-408A-9209-C1AC0F8F4B38}.Debug|Any CPU.Build.0 = Debug|Any CPU
		{36AABC1C-985C-408A-9209-C1AC0F8F4B38}.Release|Any CPU.ActiveCfg = Release|Any CPU
		{36AABC1C-985C-408A-9209-C1AC0F8F4B38}.Release|Any CPU.Build.0 = Release|Any CPU
		{E6B0BD71-DB41-4265-A4A2-C3517EABB226}.Debug|Any CPU.ActiveCfg = Debug|Any CPU
		{E6B0BD71-DB41-4265-A4A2-C3517EABB226}.Debug|Any CPU.Build.0 = Debug|Any CPU
		{E6B0BD71-DB41-4265-A4A2-C3517EABB226}.Release|Any CPU.ActiveCfg = Release|Any CPU
		{E6B0BD71-DB41-4265-A4A2-C3517EABB226}.Release|Any CPU.Build.0 = Release|Any CPU
		{26CB801E-EDC5-4A3F-90C9-C4621F320804}.Debug|Any CPU.ActiveCfg = Debug|Any CPU
		{26CB801E-EDC5-4A3F-90C9-C4621F320804}.Debug|Any CPU.Build.0 = Debug|Any CPU
		{26CB801E-EDC5-4A3F-90C9-C4621F320804}.Release|Any CPU.ActiveCfg = Release|Any CPU
		{26CB801E-EDC5-4A3F-90C9-C4621F320804}.Release|Any CPU.Build.0 = Release|Any CPU
		{FF540B8D-DD76-4424-97E6-71DAD1C651ED}.Debug|Any CPU.ActiveCfg = Debug|Any CPU
		{FF540B8D-DD76-4424-97E6-71DAD1C651ED}.Debug|Any CPU.Build.0 = Debug|Any CPU
		{FF540B8D-DD76-4424-97E6-71DAD1C651ED}.Release|Any CPU.ActiveCfg = Release|Any CPU
		{FF540B8D-DD76-4424-97E6-71DAD1C651ED}.Release|Any CPU.Build.0 = Release|Any CPU
		{ADD93536-327B-4612-902A-0BFE1018EE22}.Debug|Any CPU.ActiveCfg = Debug|Any CPU
		{ADD93536-327B-4612-902A-0BFE1018EE22}.Debug|Any CPU.Build.0 = Debug|Any CPU
		{ADD93536-327B-4612-902A-0BFE1018EE22}.Release|Any CPU.ActiveCfg = Release|Any CPU
		{ADD93536-327B-4612-902A-0BFE1018EE22}.Release|Any CPU.Build.0 = Release|Any CPU
		{B26393D2-8F6D-4742-AE0A-715C3A7087E4}.Debug|Any CPU.ActiveCfg = Debug|Any CPU
		{B26393D2-8F6D-4742-AE0A-715C3A7087E4}.Debug|Any CPU.Build.0 = Debug|Any CPU
		{B26393D2-8F6D-4742-AE0A-715C3A7087E4}.Release|Any CPU.ActiveCfg = Release|Any CPU
		{B26393D2-8F6D-4742-AE0A-715C3A7087E4}.Release|Any CPU.Build.0 = Release|Any CPU
		{F52CE6B1-4981-4349-95D0-3ABB985FA8D7}.Debug|Any CPU.ActiveCfg = Debug|Any CPU
		{F52CE6B1-4981-4349-95D0-3ABB985FA8D7}.Debug|Any CPU.Build.0 = Debug|Any CPU
		{F52CE6B1-4981-4349-95D0-3ABB985FA8D7}.Release|Any CPU.ActiveCfg = Release|Any CPU
		{F52CE6B1-4981-4349-95D0-3ABB985FA8D7}.Release|Any CPU.Build.0 = Release|Any CPU
		{AB43A1F0-3C75-4C49-A685-E9B34561356E}.Debug|Any CPU.ActiveCfg = Debug|Any CPU
		{AB43A1F0-3C75-4C49-A685-E9B34561356E}.Debug|Any CPU.Build.0 = Debug|Any CPU
		{AB43A1F0-3C75-4C49-A685-E9B34561356E}.Release|Any CPU.ActiveCfg = Release|Any CPU
		{AB43A1F0-3C75-4C49-A685-E9B34561356E}.Release|Any CPU.Build.0 = Release|Any CPU
		{6D27B3B0-3B59-4BB4-956E-8A3BE6ED799A}.Debug|Any CPU.ActiveCfg = Debug|Any CPU
		{6D27B3B0-3B59-4BB4-956E-8A3BE6ED799A}.Debug|Any CPU.Build.0 = Debug|Any CPU
		{6D27B3B0-3B59-4BB4-956E-8A3BE6ED799A}.Release|Any CPU.ActiveCfg = Release|Any CPU
		{6D27B3B0-3B59-4BB4-956E-8A3BE6ED799A}.Release|Any CPU.Build.0 = Release|Any CPU
		{D67C5C65-BB60-4527-9888-A55EED4DC8D7}.Debug|Any CPU.ActiveCfg = Debug|Any CPU
		{D67C5C65-BB60-4527-9888-A55EED4DC8D7}.Debug|Any CPU.Build.0 = Debug|Any CPU
		{D67C5C65-BB60-4527-9888-A55EED4DC8D7}.Release|Any CPU.ActiveCfg = Release|Any CPU
		{D67C5C65-BB60-4527-9888-A55EED4DC8D7}.Release|Any CPU.Build.0 = Release|Any CPU
		{FEE74433-F9A9-45A7-84D0-D6210B2E96AC}.Debug|Any CPU.ActiveCfg = Debug|Any CPU
		{FEE74433-F9A9-45A7-84D0-D6210B2E96AC}.Debug|Any CPU.Build.0 = Debug|Any CPU
		{FEE74433-F9A9-45A7-84D0-D6210B2E96AC}.Release|Any CPU.ActiveCfg = Release|Any CPU
		{FEE74433-F9A9-45A7-84D0-D6210B2E96AC}.Release|Any CPU.Build.0 = Release|Any CPU
		{F64BAFC5-7E3E-4DB5-85E2-50A6B76A44DF}.Debug|Any CPU.ActiveCfg = Debug|Any CPU
		{F64BAFC5-7E3E-4DB5-85E2-50A6B76A44DF}.Debug|Any CPU.Build.0 = Debug|Any CPU
		{F64BAFC5-7E3E-4DB5-85E2-50A6B76A44DF}.Release|Any CPU.ActiveCfg = Release|Any CPU
		{F64BAFC5-7E3E-4DB5-85E2-50A6B76A44DF}.Release|Any CPU.Build.0 = Release|Any CPU
		{C0CAAF7B-8FB1-41AC-B9BC-C1443959358E}.Debug|Any CPU.ActiveCfg = Debug|Any CPU
		{C0CAAF7B-8FB1-41AC-B9BC-C1443959358E}.Debug|Any CPU.Build.0 = Debug|Any CPU
		{C0CAAF7B-8FB1-41AC-B9BC-C1443959358E}.Release|Any CPU.ActiveCfg = Release|Any CPU
		{C0CAAF7B-8FB1-41AC-B9BC-C1443959358E}.Release|Any CPU.Build.0 = Release|Any CPU
		{35E25AF0-C36E-4757-8F93-8192D22A6950}.Debug|Any CPU.ActiveCfg = Debug|Any CPU
		{35E25AF0-C36E-4757-8F93-8192D22A6950}.Debug|Any CPU.Build.0 = Debug|Any CPU
		{35E25AF0-C36E-4757-8F93-8192D22A6950}.Release|Any CPU.ActiveCfg = Release|Any CPU
		{35E25AF0-C36E-4757-8F93-8192D22A6950}.Release|Any CPU.Build.0 = Release|Any CPU
		{F7590765-8BC0-4BD0-AE62-55B5C523121B}.Debug|Any CPU.ActiveCfg = Debug|Any CPU
		{F7590765-8BC0-4BD0-AE62-55B5C523121B}.Debug|Any CPU.Build.0 = Debug|Any CPU
		{F7590765-8BC0-4BD0-AE62-55B5C523121B}.Release|Any CPU.ActiveCfg = Release|Any CPU
		{F7590765-8BC0-4BD0-AE62-55B5C523121B}.Release|Any CPU.Build.0 = Release|Any CPU
		{869B23E2-79BD-411F-8A41-8BC764B5D664}.Debug|Any CPU.ActiveCfg = Debug|Any CPU
		{869B23E2-79BD-411F-8A41-8BC764B5D664}.Debug|Any CPU.Build.0 = Debug|Any CPU
		{869B23E2-79BD-411F-8A41-8BC764B5D664}.Release|Any CPU.ActiveCfg = Release|Any CPU
		{869B23E2-79BD-411F-8A41-8BC764B5D664}.Release|Any CPU.Build.0 = Release|Any CPU
		{EB30AC92-C3E9-4AE2-9BE8-142E87D97CD3}.Debug|Any CPU.ActiveCfg = Debug|Any CPU
		{EB30AC92-C3E9-4AE2-9BE8-142E87D97CD3}.Debug|Any CPU.Build.0 = Debug|Any CPU
		{EB30AC92-C3E9-4AE2-9BE8-142E87D97CD3}.Release|Any CPU.ActiveCfg = Release|Any CPU
		{EB30AC92-C3E9-4AE2-9BE8-142E87D97CD3}.Release|Any CPU.Build.0 = Release|Any CPU
		{6AFA314A-34AB-4897-B61D-6234154CB39A}.Debug|Any CPU.ActiveCfg = Debug|Any CPU
		{6AFA314A-34AB-4897-B61D-6234154CB39A}.Debug|Any CPU.Build.0 = Debug|Any CPU
		{6AFA314A-34AB-4897-B61D-6234154CB39A}.Release|Any CPU.ActiveCfg = Release|Any CPU
		{6AFA314A-34AB-4897-B61D-6234154CB39A}.Release|Any CPU.Build.0 = Release|Any CPU
		{F7F369E1-A606-4BE0-A06A-7AEBFECA565C}.Debug|Any CPU.ActiveCfg = Debug|Any CPU
		{F7F369E1-A606-4BE0-A06A-7AEBFECA565C}.Debug|Any CPU.Build.0 = Debug|Any CPU
		{F7F369E1-A606-4BE0-A06A-7AEBFECA565C}.Release|Any CPU.ActiveCfg = Release|Any CPU
		{F7F369E1-A606-4BE0-A06A-7AEBFECA565C}.Release|Any CPU.Build.0 = Release|Any CPU
		{CACA7DE5-8636-4666-B834-2040C3C5E451}.Debug|Any CPU.ActiveCfg = Debug|Any CPU
		{CACA7DE5-8636-4666-B834-2040C3C5E451}.Debug|Any CPU.Build.0 = Debug|Any CPU
		{CACA7DE5-8636-4666-B834-2040C3C5E451}.Release|Any CPU.ActiveCfg = Release|Any CPU
		{CACA7DE5-8636-4666-B834-2040C3C5E451}.Release|Any CPU.Build.0 = Release|Any CPU
		{163554D5-08F3-4AE3-8728-5CAF57CCD63D}.Debug|Any CPU.ActiveCfg = Debug|Any CPU
		{163554D5-08F3-4AE3-8728-5CAF57CCD63D}.Debug|Any CPU.Build.0 = Debug|Any CPU
		{163554D5-08F3-4AE3-8728-5CAF57CCD63D}.Release|Any CPU.ActiveCfg = Release|Any CPU
		{163554D5-08F3-4AE3-8728-5CAF57CCD63D}.Release|Any CPU.Build.0 = Release|Any CPU
		{E6B7C38E-1DE4-430E-8284-3A663C2D8C91}.Debug|Any CPU.ActiveCfg = Debug|Any CPU
		{E6B7C38E-1DE4-430E-8284-3A663C2D8C91}.Debug|Any CPU.Build.0 = Debug|Any CPU
		{E6B7C38E-1DE4-430E-8284-3A663C2D8C91}.Release|Any CPU.ActiveCfg = Release|Any CPU
		{E6B7C38E-1DE4-430E-8284-3A663C2D8C91}.Release|Any CPU.Build.0 = Release|Any CPU
		{6D860EE7-BCDF-4BB9-BAF0-143E6BC3B504}.Debug|Any CPU.ActiveCfg = Debug|Any CPU
		{6D860EE7-BCDF-4BB9-BAF0-143E6BC3B504}.Debug|Any CPU.Build.0 = Debug|Any CPU
		{6D860EE7-BCDF-4BB9-BAF0-143E6BC3B504}.Release|Any CPU.ActiveCfg = Release|Any CPU
		{6D860EE7-BCDF-4BB9-BAF0-143E6BC3B504}.Release|Any CPU.Build.0 = Release|Any CPU
		{60FFD1B0-4CB0-41F0-B63F-8A0065B23D95}.Debug|Any CPU.ActiveCfg = Debug|Any CPU
		{60FFD1B0-4CB0-41F0-B63F-8A0065B23D95}.Debug|Any CPU.Build.0 = Debug|Any CPU
		{60FFD1B0-4CB0-41F0-B63F-8A0065B23D95}.Release|Any CPU.ActiveCfg = Release|Any CPU
		{60FFD1B0-4CB0-41F0-B63F-8A0065B23D95}.Release|Any CPU.Build.0 = Release|Any CPU
		{20A5CAC4-E1EA-4769-BBC9-B96F1D2D8BA5}.Debug|Any CPU.ActiveCfg = Debug|Any CPU
		{20A5CAC4-E1EA-4769-BBC9-B96F1D2D8BA5}.Debug|Any CPU.Build.0 = Debug|Any CPU
		{20A5CAC4-E1EA-4769-BBC9-B96F1D2D8BA5}.Release|Any CPU.ActiveCfg = Release|Any CPU
		{20A5CAC4-E1EA-4769-BBC9-B96F1D2D8BA5}.Release|Any CPU.Build.0 = Release|Any CPU
		{F092C23C-4C74-4B92-8740-ACE80C1CEB18}.Debug|Any CPU.ActiveCfg = Debug|Any CPU
		{F092C23C-4C74-4B92-8740-ACE80C1CEB18}.Debug|Any CPU.Build.0 = Debug|Any CPU
		{F092C23C-4C74-4B92-8740-ACE80C1CEB18}.Release|Any CPU.ActiveCfg = Release|Any CPU
		{F092C23C-4C74-4B92-8740-ACE80C1CEB18}.Release|Any CPU.Build.0 = Release|Any CPU
		{F97AE10C-805A-41DA-9C5A-004E817DD415}.Debug|Any CPU.ActiveCfg = Debug|Any CPU
		{F97AE10C-805A-41DA-9C5A-004E817DD415}.Debug|Any CPU.Build.0 = Debug|Any CPU
		{F97AE10C-805A-41DA-9C5A-004E817DD415}.Release|Any CPU.ActiveCfg = Release|Any CPU
		{F97AE10C-805A-41DA-9C5A-004E817DD415}.Release|Any CPU.Build.0 = Release|Any CPU
		{5E3A1DB9-6587-4DFB-8E5F-CBB9C1D044B2}.Debug|Any CPU.ActiveCfg = Debug|Any CPU
		{5E3A1DB9-6587-4DFB-8E5F-CBB9C1D044B2}.Debug|Any CPU.Build.0 = Debug|Any CPU
		{5E3A1DB9-6587-4DFB-8E5F-CBB9C1D044B2}.Release|Any CPU.ActiveCfg = Release|Any CPU
		{5E3A1DB9-6587-4DFB-8E5F-CBB9C1D044B2}.Release|Any CPU.Build.0 = Release|Any CPU
		{CE0588BD-5985-4AF8-8C1F-7357979F8DD0}.Debug|Any CPU.ActiveCfg = Debug|Any CPU
		{CE0588BD-5985-4AF8-8C1F-7357979F8DD0}.Debug|Any CPU.Build.0 = Debug|Any CPU
		{CE0588BD-5985-4AF8-8C1F-7357979F8DD0}.Release|Any CPU.ActiveCfg = Release|Any CPU
		{CE0588BD-5985-4AF8-8C1F-7357979F8DD0}.Release|Any CPU.Build.0 = Release|Any CPU
		{E5342083-0674-4762-8135-E74C0545DB25}.Debug|Any CPU.ActiveCfg = Debug|Any CPU
		{E5342083-0674-4762-8135-E74C0545DB25}.Debug|Any CPU.Build.0 = Debug|Any CPU
		{E5342083-0674-4762-8135-E74C0545DB25}.Release|Any CPU.ActiveCfg = Release|Any CPU
		{E5342083-0674-4762-8135-E74C0545DB25}.Release|Any CPU.Build.0 = Release|Any CPU
		{4C218427-E7F1-4224-A608-F2416EEC0027}.Debug|Any CPU.ActiveCfg = Debug|Any CPU
		{4C218427-E7F1-4224-A608-F2416EEC0027}.Debug|Any CPU.Build.0 = Debug|Any CPU
		{4C218427-E7F1-4224-A608-F2416EEC0027}.Release|Any CPU.ActiveCfg = Release|Any CPU
		{4C218427-E7F1-4224-A608-F2416EEC0027}.Release|Any CPU.Build.0 = Release|Any CPU
		{789321B6-328A-4752-A1A0-C3D8C18FE98A}.Debug|Any CPU.ActiveCfg = Debug|Any CPU
		{789321B6-328A-4752-A1A0-C3D8C18FE98A}.Debug|Any CPU.Build.0 = Debug|Any CPU
		{789321B6-328A-4752-A1A0-C3D8C18FE98A}.Release|Any CPU.ActiveCfg = Release|Any CPU
		{789321B6-328A-4752-A1A0-C3D8C18FE98A}.Release|Any CPU.Build.0 = Release|Any CPU
		{444D8135-4A04-4609-B743-079400619729}.Debug|Any CPU.ActiveCfg = Debug|Any CPU
		{444D8135-4A04-4609-B743-079400619729}.Debug|Any CPU.Build.0 = Debug|Any CPU
		{444D8135-4A04-4609-B743-079400619729}.Release|Any CPU.ActiveCfg = Release|Any CPU
		{444D8135-4A04-4609-B743-079400619729}.Release|Any CPU.Build.0 = Release|Any CPU
		{DC3AD5AA-B675-40B0-8493-B929EE49F183}.Debug|Any CPU.ActiveCfg = Debug|Any CPU
		{DC3AD5AA-B675-40B0-8493-B929EE49F183}.Debug|Any CPU.Build.0 = Debug|Any CPU
		{DC3AD5AA-B675-40B0-8493-B929EE49F183}.Release|Any CPU.ActiveCfg = Release|Any CPU
		{DC3AD5AA-B675-40B0-8493-B929EE49F183}.Release|Any CPU.Build.0 = Release|Any CPU
		{8D8C22A5-2097-45A2-AB88-3D2F3EA3A268}.Debug|Any CPU.ActiveCfg = Debug|Any CPU
		{8D8C22A5-2097-45A2-AB88-3D2F3EA3A268}.Debug|Any CPU.Build.0 = Debug|Any CPU
		{8D8C22A5-2097-45A2-AB88-3D2F3EA3A268}.Release|Any CPU.ActiveCfg = Release|Any CPU
		{8D8C22A5-2097-45A2-AB88-3D2F3EA3A268}.Release|Any CPU.Build.0 = Release|Any CPU
		{8BDD29D7-AD3B-49C0-BF22-36E37B771FBB}.Debug|Any CPU.ActiveCfg = Debug|Any CPU
		{8BDD29D7-AD3B-49C0-BF22-36E37B771FBB}.Debug|Any CPU.Build.0 = Debug|Any CPU
		{8BDD29D7-AD3B-49C0-BF22-36E37B771FBB}.Release|Any CPU.ActiveCfg = Release|Any CPU
		{8BDD29D7-AD3B-49C0-BF22-36E37B771FBB}.Release|Any CPU.Build.0 = Release|Any CPU
		{D73E1FCD-7C77-43F2-8A9C-14C7615BEDC4}.Debug|Any CPU.ActiveCfg = Debug|Any CPU
		{D73E1FCD-7C77-43F2-8A9C-14C7615BEDC4}.Debug|Any CPU.Build.0 = Debug|Any CPU
		{D73E1FCD-7C77-43F2-8A9C-14C7615BEDC4}.Release|Any CPU.ActiveCfg = Release|Any CPU
		{D73E1FCD-7C77-43F2-8A9C-14C7615BEDC4}.Release|Any CPU.Build.0 = Release|Any CPU
		{0C99DA7F-FE52-4DC8-BAE9-BE381AA4CD21}.Debug|Any CPU.ActiveCfg = Debug|Any CPU
		{0C99DA7F-FE52-4DC8-BAE9-BE381AA4CD21}.Debug|Any CPU.Build.0 = Debug|Any CPU
		{0C99DA7F-FE52-4DC8-BAE9-BE381AA4CD21}.Release|Any CPU.ActiveCfg = Release|Any CPU
		{0C99DA7F-FE52-4DC8-BAE9-BE381AA4CD21}.Release|Any CPU.Build.0 = Release|Any CPU
		{FED31040-FC5B-4DDF-B962-20A4A97838AE}.Debug|Any CPU.ActiveCfg = Debug|Any CPU
		{FED31040-FC5B-4DDF-B962-20A4A97838AE}.Debug|Any CPU.Build.0 = Debug|Any CPU
		{FED31040-FC5B-4DDF-B962-20A4A97838AE}.Release|Any CPU.ActiveCfg = Release|Any CPU
		{FED31040-FC5B-4DDF-B962-20A4A97838AE}.Release|Any CPU.Build.0 = Release|Any CPU
		{F9E8F9F0-39CD-42AD-B55E-1C812FCA62FC}.Debug|Any CPU.ActiveCfg = Debug|Any CPU
		{F9E8F9F0-39CD-42AD-B55E-1C812FCA62FC}.Debug|Any CPU.Build.0 = Debug|Any CPU
		{F9E8F9F0-39CD-42AD-B55E-1C812FCA62FC}.Release|Any CPU.ActiveCfg = Release|Any CPU
		{F9E8F9F0-39CD-42AD-B55E-1C812FCA62FC}.Release|Any CPU.Build.0 = Release|Any CPU
		{3B2F6954-A27B-49A8-A9B3-DE32AC07C0F5}.Debug|Any CPU.ActiveCfg = Debug|Any CPU
		{3B2F6954-A27B-49A8-A9B3-DE32AC07C0F5}.Debug|Any CPU.Build.0 = Debug|Any CPU
		{3B2F6954-A27B-49A8-A9B3-DE32AC07C0F5}.Release|Any CPU.ActiveCfg = Release|Any CPU
		{3B2F6954-A27B-49A8-A9B3-DE32AC07C0F5}.Release|Any CPU.Build.0 = Release|Any CPU
		{21C4425E-A2A4-4C63-A329-AFE8ECF9C318}.Debug|Any CPU.ActiveCfg = Debug|Any CPU
		{21C4425E-A2A4-4C63-A329-AFE8ECF9C318}.Debug|Any CPU.Build.0 = Debug|Any CPU
		{21C4425E-A2A4-4C63-A329-AFE8ECF9C318}.Release|Any CPU.ActiveCfg = Release|Any CPU
		{21C4425E-A2A4-4C63-A329-AFE8ECF9C318}.Release|Any CPU.Build.0 = Release|Any CPU
		{FC47AB53-447D-4890-BF9D-CFB5CA19ADC8}.Debug|Any CPU.ActiveCfg = Debug|Any CPU
		{FC47AB53-447D-4890-BF9D-CFB5CA19ADC8}.Debug|Any CPU.Build.0 = Debug|Any CPU
		{FC47AB53-447D-4890-BF9D-CFB5CA19ADC8}.Release|Any CPU.ActiveCfg = Release|Any CPU
		{FC47AB53-447D-4890-BF9D-CFB5CA19ADC8}.Release|Any CPU.Build.0 = Release|Any CPU
		{555D816A-4193-406F-951C-097FA42F48D4}.Debug|Any CPU.ActiveCfg = Debug|Any CPU
		{555D816A-4193-406F-951C-097FA42F48D4}.Debug|Any CPU.Build.0 = Debug|Any CPU
		{555D816A-4193-406F-951C-097FA42F48D4}.Release|Any CPU.ActiveCfg = Release|Any CPU
		{555D816A-4193-406F-951C-097FA42F48D4}.Release|Any CPU.Build.0 = Release|Any CPU
		{EF726AC0-42A5-4F76-AFC8-8712E82ABDB3}.Debug|Any CPU.ActiveCfg = Debug|Any CPU
		{EF726AC0-42A5-4F76-AFC8-8712E82ABDB3}.Debug|Any CPU.Build.0 = Debug|Any CPU
		{EF726AC0-42A5-4F76-AFC8-8712E82ABDB3}.Release|Any CPU.ActiveCfg = Release|Any CPU
		{EF726AC0-42A5-4F76-AFC8-8712E82ABDB3}.Release|Any CPU.Build.0 = Release|Any CPU
		{BB6500FD-DB65-4B11-8248-BC73C1FA4DC5}.Debug|Any CPU.ActiveCfg = Debug|Any CPU
		{BB6500FD-DB65-4B11-8248-BC73C1FA4DC5}.Debug|Any CPU.Build.0 = Debug|Any CPU
		{BB6500FD-DB65-4B11-8248-BC73C1FA4DC5}.Release|Any CPU.ActiveCfg = Release|Any CPU
		{BB6500FD-DB65-4B11-8248-BC73C1FA4DC5}.Release|Any CPU.Build.0 = Release|Any CPU
		{B32EC950-AB61-42B1-8E36-1F38D9E8AD98}.Debug|Any CPU.ActiveCfg = Debug|Any CPU
		{B32EC950-AB61-42B1-8E36-1F38D9E8AD98}.Debug|Any CPU.Build.0 = Debug|Any CPU
		{B32EC950-AB61-42B1-8E36-1F38D9E8AD98}.Release|Any CPU.ActiveCfg = Release|Any CPU
		{B32EC950-AB61-42B1-8E36-1F38D9E8AD98}.Release|Any CPU.Build.0 = Release|Any CPU
		{09855326-C89A-4A96-BE5F-6CF97AAF610E}.Debug|Any CPU.ActiveCfg = Debug|Any CPU
		{09855326-C89A-4A96-BE5F-6CF97AAF610E}.Debug|Any CPU.Build.0 = Debug|Any CPU
		{09855326-C89A-4A96-BE5F-6CF97AAF610E}.Release|Any CPU.ActiveCfg = Release|Any CPU
		{09855326-C89A-4A96-BE5F-6CF97AAF610E}.Release|Any CPU.Build.0 = Release|Any CPU
		{5F9DE524-D287-436A-B565-440B5D362D7D}.Debug|Any CPU.ActiveCfg = Debug|Any CPU
		{5F9DE524-D287-436A-B565-440B5D362D7D}.Debug|Any CPU.Build.0 = Debug|Any CPU
		{5F9DE524-D287-436A-B565-440B5D362D7D}.Release|Any CPU.ActiveCfg = Release|Any CPU
		{5F9DE524-D287-436A-B565-440B5D362D7D}.Release|Any CPU.Build.0 = Release|Any CPU
		{7DE00683-1D64-4D94-AA63-FB8806551A1D}.Debug|Any CPU.ActiveCfg = Debug|Any CPU
		{7DE00683-1D64-4D94-AA63-FB8806551A1D}.Debug|Any CPU.Build.0 = Debug|Any CPU
		{7DE00683-1D64-4D94-AA63-FB8806551A1D}.Release|Any CPU.ActiveCfg = Release|Any CPU
		{7DE00683-1D64-4D94-AA63-FB8806551A1D}.Release|Any CPU.Build.0 = Release|Any CPU
		{F43A3A6D-84D8-479F-9A35-B56E8E797C6E}.Debug|Any CPU.ActiveCfg = Debug|Any CPU
		{F43A3A6D-84D8-479F-9A35-B56E8E797C6E}.Debug|Any CPU.Build.0 = Debug|Any CPU
		{F43A3A6D-84D8-479F-9A35-B56E8E797C6E}.Release|Any CPU.ActiveCfg = Release|Any CPU
		{F43A3A6D-84D8-479F-9A35-B56E8E797C6E}.Release|Any CPU.Build.0 = Release|Any CPU
		{A06B1989-F519-409D-95E6-3DEDE17722A7}.Debug|Any CPU.ActiveCfg = Debug|Any CPU
		{A06B1989-F519-409D-95E6-3DEDE17722A7}.Debug|Any CPU.Build.0 = Debug|Any CPU
		{A06B1989-F519-409D-95E6-3DEDE17722A7}.Release|Any CPU.ActiveCfg = Release|Any CPU
		{A06B1989-F519-409D-95E6-3DEDE17722A7}.Release|Any CPU.Build.0 = Release|Any CPU
		{BFEADDDE-B8B1-45B5-B029-C18B994273D9}.Debug|Any CPU.ActiveCfg = Debug|Any CPU
		{BFEADDDE-B8B1-45B5-B029-C18B994273D9}.Debug|Any CPU.Build.0 = Debug|Any CPU
		{BFEADDDE-B8B1-45B5-B029-C18B994273D9}.Release|Any CPU.ActiveCfg = Release|Any CPU
		{BFEADDDE-B8B1-45B5-B029-C18B994273D9}.Release|Any CPU.Build.0 = Release|Any CPU
		{5988E511-13E6-475C-A5FB-8DEE508F7728}.Debug|Any CPU.ActiveCfg = Debug|Any CPU
		{5988E511-13E6-475C-A5FB-8DEE508F7728}.Debug|Any CPU.Build.0 = Debug|Any CPU
		{5988E511-13E6-475C-A5FB-8DEE508F7728}.Release|Any CPU.ActiveCfg = Release|Any CPU
		{5988E511-13E6-475C-A5FB-8DEE508F7728}.Release|Any CPU.Build.0 = Release|Any CPU
		{8576DED1-B894-49CE-ABAB-67353C91A287}.Debug|Any CPU.ActiveCfg = Debug|Any CPU
		{8576DED1-B894-49CE-ABAB-67353C91A287}.Debug|Any CPU.Build.0 = Debug|Any CPU
		{8576DED1-B894-49CE-ABAB-67353C91A287}.Release|Any CPU.ActiveCfg = Release|Any CPU
		{8576DED1-B894-49CE-ABAB-67353C91A287}.Release|Any CPU.Build.0 = Release|Any CPU
		{EDFBA600-7F5A-4DBC-818A-C7037DAC586A}.Debug|Any CPU.ActiveCfg = Debug|Any CPU
		{EDFBA600-7F5A-4DBC-818A-C7037DAC586A}.Debug|Any CPU.Build.0 = Debug|Any CPU
		{EDFBA600-7F5A-4DBC-818A-C7037DAC586A}.Release|Any CPU.ActiveCfg = Release|Any CPU
		{EDFBA600-7F5A-4DBC-818A-C7037DAC586A}.Release|Any CPU.Build.0 = Release|Any CPU
		{3BF28F5C-6B7D-4A2B-99E3-EC051A58ED77}.Debug|Any CPU.ActiveCfg = Debug|Any CPU
		{3BF28F5C-6B7D-4A2B-99E3-EC051A58ED77}.Debug|Any CPU.Build.0 = Debug|Any CPU
		{3BF28F5C-6B7D-4A2B-99E3-EC051A58ED77}.Release|Any CPU.ActiveCfg = Release|Any CPU
		{3BF28F5C-6B7D-4A2B-99E3-EC051A58ED77}.Release|Any CPU.Build.0 = Release|Any CPU
		{E636A398-D1B4-4659-ACCF-624FFCDA1A83}.Debug|Any CPU.ActiveCfg = Debug|Any CPU
		{E636A398-D1B4-4659-ACCF-624FFCDA1A83}.Debug|Any CPU.Build.0 = Debug|Any CPU
		{E636A398-D1B4-4659-ACCF-624FFCDA1A83}.Release|Any CPU.ActiveCfg = Release|Any CPU
		{E636A398-D1B4-4659-ACCF-624FFCDA1A83}.Release|Any CPU.Build.0 = Release|Any CPU
		{8A851165-0DF8-40DE-A35B-9B941CF77537}.Debug|Any CPU.ActiveCfg = Debug|Any CPU
		{8A851165-0DF8-40DE-A35B-9B941CF77537}.Debug|Any CPU.Build.0 = Debug|Any CPU
		{8A851165-0DF8-40DE-A35B-9B941CF77537}.Release|Any CPU.ActiveCfg = Release|Any CPU
		{8A851165-0DF8-40DE-A35B-9B941CF77537}.Release|Any CPU.Build.0 = Release|Any CPU
		{ECD3B539-7B96-4A98-B77F-AB34AA3ADA63}.Debug|Any CPU.ActiveCfg = Debug|Any CPU
		{ECD3B539-7B96-4A98-B77F-AB34AA3ADA63}.Debug|Any CPU.Build.0 = Debug|Any CPU
		{ECD3B539-7B96-4A98-B77F-AB34AA3ADA63}.Release|Any CPU.ActiveCfg = Release|Any CPU
		{ECD3B539-7B96-4A98-B77F-AB34AA3ADA63}.Release|Any CPU.Build.0 = Release|Any CPU
		{25C9E3B6-CCA7-485D-A8A9-3D818C84271F}.Debug|Any CPU.ActiveCfg = Debug|Any CPU
		{25C9E3B6-CCA7-485D-A8A9-3D818C84271F}.Debug|Any CPU.Build.0 = Debug|Any CPU
		{25C9E3B6-CCA7-485D-A8A9-3D818C84271F}.Release|Any CPU.ActiveCfg = Release|Any CPU
		{25C9E3B6-CCA7-485D-A8A9-3D818C84271F}.Release|Any CPU.Build.0 = Release|Any CPU
		{F5E26C9A-8176-42D6-84F7-63B813BBEA70}.Debug|Any CPU.ActiveCfg = Debug|Any CPU
		{F5E26C9A-8176-42D6-84F7-63B813BBEA70}.Debug|Any CPU.Build.0 = Debug|Any CPU
		{F5E26C9A-8176-42D6-84F7-63B813BBEA70}.Release|Any CPU.ActiveCfg = Release|Any CPU
		{F5E26C9A-8176-42D6-84F7-63B813BBEA70}.Release|Any CPU.Build.0 = Release|Any CPU
		{88E60CEF-C10A-436A-9096-EF8B8E1FAFA2}.Debug|Any CPU.ActiveCfg = Debug|Any CPU
		{88E60CEF-C10A-436A-9096-EF8B8E1FAFA2}.Debug|Any CPU.Build.0 = Debug|Any CPU
		{88E60CEF-C10A-436A-9096-EF8B8E1FAFA2}.Release|Any CPU.ActiveCfg = Release|Any CPU
		{88E60CEF-C10A-436A-9096-EF8B8E1FAFA2}.Release|Any CPU.Build.0 = Release|Any CPU
		{1EE40AF5-5F8E-42E9-AB9C-E39D80A0D39A}.Debug|Any CPU.ActiveCfg = Debug|Any CPU
		{1EE40AF5-5F8E-42E9-AB9C-E39D80A0D39A}.Debug|Any CPU.Build.0 = Debug|Any CPU
		{1EE40AF5-5F8E-42E9-AB9C-E39D80A0D39A}.Release|Any CPU.ActiveCfg = Release|Any CPU
		{1EE40AF5-5F8E-42E9-AB9C-E39D80A0D39A}.Release|Any CPU.Build.0 = Release|Any CPU
		{058CE265-9074-4CA3-B25F-62B70AC677C2}.Debug|Any CPU.ActiveCfg = Debug|Any CPU
		{058CE265-9074-4CA3-B25F-62B70AC677C2}.Debug|Any CPU.Build.0 = Debug|Any CPU
		{058CE265-9074-4CA3-B25F-62B70AC677C2}.Release|Any CPU.ActiveCfg = Release|Any CPU
		{058CE265-9074-4CA3-B25F-62B70AC677C2}.Release|Any CPU.Build.0 = Release|Any CPU
		{0DFC7D18-F8A5-4CC0-95B5-7DCF1DECFBD0}.Debug|Any CPU.ActiveCfg = Debug|Any CPU
		{0DFC7D18-F8A5-4CC0-95B5-7DCF1DECFBD0}.Debug|Any CPU.Build.0 = Debug|Any CPU
		{0DFC7D18-F8A5-4CC0-95B5-7DCF1DECFBD0}.Release|Any CPU.ActiveCfg = Release|Any CPU
		{0DFC7D18-F8A5-4CC0-95B5-7DCF1DECFBD0}.Release|Any CPU.Build.0 = Release|Any CPU
		{3F3AE4E6-4AC0-4DAA-9E18-8754F38C3526}.Debug|Any CPU.ActiveCfg = Debug|Any CPU
		{3F3AE4E6-4AC0-4DAA-9E18-8754F38C3526}.Debug|Any CPU.Build.0 = Debug|Any CPU
		{3F3AE4E6-4AC0-4DAA-9E18-8754F38C3526}.Release|Any CPU.ActiveCfg = Release|Any CPU
		{3F3AE4E6-4AC0-4DAA-9E18-8754F38C3526}.Release|Any CPU.Build.0 = Release|Any CPU
		{44C331C0-CF21-4241-B3D0-8B7CD5B07527}.Debug|Any CPU.ActiveCfg = Debug|Any CPU
		{44C331C0-CF21-4241-B3D0-8B7CD5B07527}.Debug|Any CPU.Build.0 = Debug|Any CPU
		{44C331C0-CF21-4241-B3D0-8B7CD5B07527}.Release|Any CPU.ActiveCfg = Release|Any CPU
		{44C331C0-CF21-4241-B3D0-8B7CD5B07527}.Release|Any CPU.Build.0 = Release|Any CPU
		{F7EFC8D9-FDC6-4085-A4C3-3E2E11F3DE59}.Debug|Any CPU.ActiveCfg = Debug|Any CPU
		{F7EFC8D9-FDC6-4085-A4C3-3E2E11F3DE59}.Debug|Any CPU.Build.0 = Debug|Any CPU
		{F7EFC8D9-FDC6-4085-A4C3-3E2E11F3DE59}.Release|Any CPU.ActiveCfg = Release|Any CPU
		{F7EFC8D9-FDC6-4085-A4C3-3E2E11F3DE59}.Release|Any CPU.Build.0 = Release|Any CPU
		{609A6A2D-2BC0-4A98-BDB6-8100F2298FC8}.Debug|Any CPU.ActiveCfg = Debug|Any CPU
		{609A6A2D-2BC0-4A98-BDB6-8100F2298FC8}.Debug|Any CPU.Build.0 = Debug|Any CPU
		{609A6A2D-2BC0-4A98-BDB6-8100F2298FC8}.Release|Any CPU.ActiveCfg = Release|Any CPU
		{609A6A2D-2BC0-4A98-BDB6-8100F2298FC8}.Release|Any CPU.Build.0 = Release|Any CPU
		{AD8D125E-F3BC-4DF9-83AF-C232B268FD55}.Debug|Any CPU.ActiveCfg = Debug|Any CPU
		{AD8D125E-F3BC-4DF9-83AF-C232B268FD55}.Debug|Any CPU.Build.0 = Debug|Any CPU
		{AD8D125E-F3BC-4DF9-83AF-C232B268FD55}.Release|Any CPU.ActiveCfg = Release|Any CPU
		{AD8D125E-F3BC-4DF9-83AF-C232B268FD55}.Release|Any CPU.Build.0 = Release|Any CPU
		{584C10D0-262E-4AC4-A403-B270F449B18A}.Debug|Any CPU.ActiveCfg = Debug|Any CPU
		{584C10D0-262E-4AC4-A403-B270F449B18A}.Debug|Any CPU.Build.0 = Debug|Any CPU
		{584C10D0-262E-4AC4-A403-B270F449B18A}.Release|Any CPU.ActiveCfg = Release|Any CPU
		{584C10D0-262E-4AC4-A403-B270F449B18A}.Release|Any CPU.Build.0 = Release|Any CPU
		{6D8F1E2E-00B4-49AE-8CA7-F53646311B0D}.Debug|Any CPU.ActiveCfg = Debug|Any CPU
		{6D8F1E2E-00B4-49AE-8CA7-F53646311B0D}.Debug|Any CPU.Build.0 = Debug|Any CPU
		{6D8F1E2E-00B4-49AE-8CA7-F53646311B0D}.Release|Any CPU.ActiveCfg = Release|Any CPU
		{6D8F1E2E-00B4-49AE-8CA7-F53646311B0D}.Release|Any CPU.Build.0 = Release|Any CPU
		{0CA36E92-BE71-4726-BC0F-44E6A4D94873}.Debug|Any CPU.ActiveCfg = Debug|Any CPU
		{0CA36E92-BE71-4726-BC0F-44E6A4D94873}.Debug|Any CPU.Build.0 = Debug|Any CPU
		{0CA36E92-BE71-4726-BC0F-44E6A4D94873}.Release|Any CPU.ActiveCfg = Release|Any CPU
		{0CA36E92-BE71-4726-BC0F-44E6A4D94873}.Release|Any CPU.Build.0 = Release|Any CPU
		{3F56FA96-805F-4197-B9AC-2680E02E2A9A}.Debug|Any CPU.ActiveCfg = Debug|Any CPU
		{3F56FA96-805F-4197-B9AC-2680E02E2A9A}.Debug|Any CPU.Build.0 = Debug|Any CPU
		{3F56FA96-805F-4197-B9AC-2680E02E2A9A}.Release|Any CPU.ActiveCfg = Release|Any CPU
		{3F56FA96-805F-4197-B9AC-2680E02E2A9A}.Release|Any CPU.Build.0 = Release|Any CPU
		{332BDA98-DC87-4F3E-8DC8-F0CBB131A790}.Debug|Any CPU.ActiveCfg = Debug|Any CPU
		{332BDA98-DC87-4F3E-8DC8-F0CBB131A790}.Debug|Any CPU.Build.0 = Debug|Any CPU
		{332BDA98-DC87-4F3E-8DC8-F0CBB131A790}.Release|Any CPU.ActiveCfg = Release|Any CPU
		{332BDA98-DC87-4F3E-8DC8-F0CBB131A790}.Release|Any CPU.Build.0 = Release|Any CPU
		{64F9C50A-411C-4F0D-AD27-93D19244F6DD}.Debug|Any CPU.ActiveCfg = Debug|Any CPU
		{64F9C50A-411C-4F0D-AD27-93D19244F6DD}.Debug|Any CPU.Build.0 = Debug|Any CPU
		{64F9C50A-411C-4F0D-AD27-93D19244F6DD}.Release|Any CPU.ActiveCfg = Release|Any CPU
		{64F9C50A-411C-4F0D-AD27-93D19244F6DD}.Release|Any CPU.Build.0 = Release|Any CPU
		{A343B6A1-88B6-47E5-B9DA-384579406174}.Debug|Any CPU.ActiveCfg = Debug|Any CPU
		{A343B6A1-88B6-47E5-B9DA-384579406174}.Debug|Any CPU.Build.0 = Debug|Any CPU
		{A343B6A1-88B6-47E5-B9DA-384579406174}.Release|Any CPU.ActiveCfg = Release|Any CPU
		{A343B6A1-88B6-47E5-B9DA-384579406174}.Release|Any CPU.Build.0 = Release|Any CPU
		{4F56342A-913F-40C4-B478-1138C5E0E00E}.Debug|Any CPU.ActiveCfg = Debug|Any CPU
		{4F56342A-913F-40C4-B478-1138C5E0E00E}.Debug|Any CPU.Build.0 = Debug|Any CPU
		{4F56342A-913F-40C4-B478-1138C5E0E00E}.Release|Any CPU.ActiveCfg = Release|Any CPU
		{4F56342A-913F-40C4-B478-1138C5E0E00E}.Release|Any CPU.Build.0 = Release|Any CPU
		{AD04C089-082D-4AAA-86AC-CE359E8B0853}.Debug|Any CPU.ActiveCfg = Debug|Any CPU
		{AD04C089-082D-4AAA-86AC-CE359E8B0853}.Debug|Any CPU.Build.0 = Debug|Any CPU
		{AD04C089-082D-4AAA-86AC-CE359E8B0853}.Release|Any CPU.ActiveCfg = Release|Any CPU
		{AD04C089-082D-4AAA-86AC-CE359E8B0853}.Release|Any CPU.Build.0 = Release|Any CPU
		{1C718BAF-5300-4345-9885-C59F00F783A1}.Debug|Any CPU.ActiveCfg = Debug|Any CPU
		{1C718BAF-5300-4345-9885-C59F00F783A1}.Debug|Any CPU.Build.0 = Debug|Any CPU
		{1C718BAF-5300-4345-9885-C59F00F783A1}.Release|Any CPU.ActiveCfg = Release|Any CPU
		{1C718BAF-5300-4345-9885-C59F00F783A1}.Release|Any CPU.Build.0 = Release|Any CPU
		{58F7EBFC-F5DE-4F03-9C93-61AD5AFF4CB7}.Debug|Any CPU.ActiveCfg = Debug|Any CPU
		{58F7EBFC-F5DE-4F03-9C93-61AD5AFF4CB7}.Debug|Any CPU.Build.0 = Debug|Any CPU
		{58F7EBFC-F5DE-4F03-9C93-61AD5AFF4CB7}.Release|Any CPU.ActiveCfg = Release|Any CPU
		{58F7EBFC-F5DE-4F03-9C93-61AD5AFF4CB7}.Release|Any CPU.Build.0 = Release|Any CPU
		{F307B329-AE8E-4A64-8046-4D8F9C669BDE}.Debug|Any CPU.ActiveCfg = Debug|Any CPU
		{F307B329-AE8E-4A64-8046-4D8F9C669BDE}.Debug|Any CPU.Build.0 = Debug|Any CPU
		{F307B329-AE8E-4A64-8046-4D8F9C669BDE}.Release|Any CPU.ActiveCfg = Release|Any CPU
		{F307B329-AE8E-4A64-8046-4D8F9C669BDE}.Release|Any CPU.Build.0 = Release|Any CPU
		{7933939F-0E25-47EB-AD6A-36F8EA0A4B88}.Debug|Any CPU.ActiveCfg = Debug|Any CPU
		{7933939F-0E25-47EB-AD6A-36F8EA0A4B88}.Debug|Any CPU.Build.0 = Debug|Any CPU
		{7933939F-0E25-47EB-AD6A-36F8EA0A4B88}.Release|Any CPU.ActiveCfg = Release|Any CPU
		{7933939F-0E25-47EB-AD6A-36F8EA0A4B88}.Release|Any CPU.Build.0 = Release|Any CPU
		{3EE0D448-E249-40B8-869F-17F5DBE08988}.Debug|Any CPU.ActiveCfg = Debug|Any CPU
		{3EE0D448-E249-40B8-869F-17F5DBE08988}.Debug|Any CPU.Build.0 = Debug|Any CPU
		{3EE0D448-E249-40B8-869F-17F5DBE08988}.Release|Any CPU.ActiveCfg = Release|Any CPU
		{3EE0D448-E249-40B8-869F-17F5DBE08988}.Release|Any CPU.Build.0 = Release|Any CPU
		{DDCE2DEF-839A-4AE1-9DBE-31A71F50828C}.Debug|Any CPU.ActiveCfg = Debug|Any CPU
		{DDCE2DEF-839A-4AE1-9DBE-31A71F50828C}.Debug|Any CPU.Build.0 = Debug|Any CPU
		{DDCE2DEF-839A-4AE1-9DBE-31A71F50828C}.Release|Any CPU.ActiveCfg = Release|Any CPU
		{DDCE2DEF-839A-4AE1-9DBE-31A71F50828C}.Release|Any CPU.Build.0 = Release|Any CPU
		{7D86D591-F3CB-4EC6-893F-BFC720A283F3}.Debug|Any CPU.ActiveCfg = Debug|Any CPU
		{7D86D591-F3CB-4EC6-893F-BFC720A283F3}.Debug|Any CPU.Build.0 = Debug|Any CPU
		{7D86D591-F3CB-4EC6-893F-BFC720A283F3}.Release|Any CPU.ActiveCfg = Release|Any CPU
		{7D86D591-F3CB-4EC6-893F-BFC720A283F3}.Release|Any CPU.Build.0 = Release|Any CPU
		{2E956F86-2128-45F6-A5EE-6E121EDCB91B}.Debug|Any CPU.ActiveCfg = Debug|Any CPU
		{2E956F86-2128-45F6-A5EE-6E121EDCB91B}.Debug|Any CPU.Build.0 = Debug|Any CPU
		{2E956F86-2128-45F6-A5EE-6E121EDCB91B}.Release|Any CPU.ActiveCfg = Release|Any CPU
		{2E956F86-2128-45F6-A5EE-6E121EDCB91B}.Release|Any CPU.Build.0 = Release|Any CPU
		{EC11249C-84B8-4BF9-A04A-9955C7E3721C}.Debug|Any CPU.ActiveCfg = Debug|Any CPU
		{EC11249C-84B8-4BF9-A04A-9955C7E3721C}.Debug|Any CPU.Build.0 = Debug|Any CPU
		{EC11249C-84B8-4BF9-A04A-9955C7E3721C}.Release|Any CPU.ActiveCfg = Release|Any CPU
		{EC11249C-84B8-4BF9-A04A-9955C7E3721C}.Release|Any CPU.Build.0 = Release|Any CPU
		{951827A3-4D7E-458D-9C7E-3317720971A0}.Debug|Any CPU.ActiveCfg = Debug|Any CPU
		{951827A3-4D7E-458D-9C7E-3317720971A0}.Debug|Any CPU.Build.0 = Debug|Any CPU
		{951827A3-4D7E-458D-9C7E-3317720971A0}.Release|Any CPU.ActiveCfg = Release|Any CPU
		{951827A3-4D7E-458D-9C7E-3317720971A0}.Release|Any CPU.Build.0 = Release|Any CPU
		{B66B2B5D-6C9C-4EAB-91AE-B062454C311A}.Debug|Any CPU.ActiveCfg = Debug|Any CPU
		{B66B2B5D-6C9C-4EAB-91AE-B062454C311A}.Debug|Any CPU.Build.0 = Debug|Any CPU
		{B66B2B5D-6C9C-4EAB-91AE-B062454C311A}.Release|Any CPU.ActiveCfg = Release|Any CPU
		{B66B2B5D-6C9C-4EAB-91AE-B062454C311A}.Release|Any CPU.Build.0 = Release|Any CPU
		{D3B3360C-DF2B-4F37-B7BD-04D1F71CE4FE}.Debug|Any CPU.ActiveCfg = Debug|Any CPU
		{D3B3360C-DF2B-4F37-B7BD-04D1F71CE4FE}.Debug|Any CPU.Build.0 = Debug|Any CPU
		{D3B3360C-DF2B-4F37-B7BD-04D1F71CE4FE}.Release|Any CPU.ActiveCfg = Release|Any CPU
		{D3B3360C-DF2B-4F37-B7BD-04D1F71CE4FE}.Release|Any CPU.Build.0 = Release|Any CPU
		{C21C9624-2E7F-44A2-8CC1-1E314F2DB467}.Debug|Any CPU.ActiveCfg = Debug|Any CPU
		{C21C9624-2E7F-44A2-8CC1-1E314F2DB467}.Debug|Any CPU.Build.0 = Debug|Any CPU
		{C21C9624-2E7F-44A2-8CC1-1E314F2DB467}.Release|Any CPU.ActiveCfg = Release|Any CPU
		{C21C9624-2E7F-44A2-8CC1-1E314F2DB467}.Release|Any CPU.Build.0 = Release|Any CPU
		{126BC4D8-9120-4212-82D9-E8C442356394}.Debug|Any CPU.ActiveCfg = Debug|Any CPU
		{126BC4D8-9120-4212-82D9-E8C442356394}.Debug|Any CPU.Build.0 = Debug|Any CPU
		{126BC4D8-9120-4212-82D9-E8C442356394}.Release|Any CPU.ActiveCfg = Release|Any CPU
		{126BC4D8-9120-4212-82D9-E8C442356394}.Release|Any CPU.Build.0 = Release|Any CPU
		{D32CE8F7-7929-4683-A143-EF1A2343CDE4}.Debug|Any CPU.ActiveCfg = Debug|Any CPU
		{D32CE8F7-7929-4683-A143-EF1A2343CDE4}.Debug|Any CPU.Build.0 = Debug|Any CPU
		{D32CE8F7-7929-4683-A143-EF1A2343CDE4}.Release|Any CPU.ActiveCfg = Release|Any CPU
		{D32CE8F7-7929-4683-A143-EF1A2343CDE4}.Release|Any CPU.Build.0 = Release|Any CPU
		{137ED54A-B37E-4C83-8ED3-24080E4B890E}.Debug|Any CPU.ActiveCfg = Debug|Any CPU
		{137ED54A-B37E-4C83-8ED3-24080E4B890E}.Debug|Any CPU.Build.0 = Debug|Any CPU
		{137ED54A-B37E-4C83-8ED3-24080E4B890E}.Release|Any CPU.ActiveCfg = Release|Any CPU
		{137ED54A-B37E-4C83-8ED3-24080E4B890E}.Release|Any CPU.Build.0 = Release|Any CPU
		{84DADDA5-DDC7-403A-A2F9-765A4FBFDD14}.Debug|Any CPU.ActiveCfg = Debug|Any CPU
		{84DADDA5-DDC7-403A-A2F9-765A4FBFDD14}.Debug|Any CPU.Build.0 = Debug|Any CPU
		{84DADDA5-DDC7-403A-A2F9-765A4FBFDD14}.Release|Any CPU.ActiveCfg = Release|Any CPU
		{84DADDA5-DDC7-403A-A2F9-765A4FBFDD14}.Release|Any CPU.Build.0 = Release|Any CPU
		{1E8D01E4-9348-4EEE-B138-7DF807A89BE6}.Debug|Any CPU.ActiveCfg = Debug|Any CPU
		{1E8D01E4-9348-4EEE-B138-7DF807A89BE6}.Debug|Any CPU.Build.0 = Debug|Any CPU
		{1E8D01E4-9348-4EEE-B138-7DF807A89BE6}.Release|Any CPU.ActiveCfg = Release|Any CPU
		{1E8D01E4-9348-4EEE-B138-7DF807A89BE6}.Release|Any CPU.Build.0 = Release|Any CPU
		{E11946F2-4506-4CCF-9807-F880ADD1F76E}.Debug|Any CPU.ActiveCfg = Debug|Any CPU
		{E11946F2-4506-4CCF-9807-F880ADD1F76E}.Debug|Any CPU.Build.0 = Debug|Any CPU
		{E11946F2-4506-4CCF-9807-F880ADD1F76E}.Release|Any CPU.ActiveCfg = Release|Any CPU
		{E11946F2-4506-4CCF-9807-F880ADD1F76E}.Release|Any CPU.Build.0 = Release|Any CPU
		{FB0AFE29-8E6E-4C3E-8A6C-CE5D8D98F0DE}.Debug|Any CPU.ActiveCfg = Debug|Any CPU
		{FB0AFE29-8E6E-4C3E-8A6C-CE5D8D98F0DE}.Debug|Any CPU.Build.0 = Debug|Any CPU
		{FB0AFE29-8E6E-4C3E-8A6C-CE5D8D98F0DE}.Release|Any CPU.ActiveCfg = Release|Any CPU
		{FB0AFE29-8E6E-4C3E-8A6C-CE5D8D98F0DE}.Release|Any CPU.Build.0 = Release|Any CPU
		{8FD4811A-A7A6-47D1-A26B-DC844F3E8715}.Debug|Any CPU.ActiveCfg = Debug|Any CPU
		{8FD4811A-A7A6-47D1-A26B-DC844F3E8715}.Debug|Any CPU.Build.0 = Debug|Any CPU
		{8FD4811A-A7A6-47D1-A26B-DC844F3E8715}.Release|Any CPU.ActiveCfg = Release|Any CPU
		{8FD4811A-A7A6-47D1-A26B-DC844F3E8715}.Release|Any CPU.Build.0 = Release|Any CPU
		{26BC5DC0-7389-414C-902C-A82D66BDFA9B}.Debug|Any CPU.ActiveCfg = Debug|Any CPU
		{26BC5DC0-7389-414C-902C-A82D66BDFA9B}.Debug|Any CPU.Build.0 = Debug|Any CPU
		{26BC5DC0-7389-414C-902C-A82D66BDFA9B}.Release|Any CPU.ActiveCfg = Release|Any CPU
		{26BC5DC0-7389-414C-902C-A82D66BDFA9B}.Release|Any CPU.Build.0 = Release|Any CPU
	EndGlobalSection
	GlobalSection(SolutionProperties) = preSolution
		HideSolutionNode = FALSE
	EndGlobalSection
	GlobalSection(NestedProjects) = preSolution
		{65170B3D-1BB1-456C-B37E-790F1625D9F7} = {0739063A-FC20-49ED-B750-D95F42BA2CA1}
		{184F2669-41B3-4687-96C3-E69E69E5A3D4} = {0739063A-FC20-49ED-B750-D95F42BA2CA1}
		{02CAA1B4-4336-4BBA-9BB7-6BFF419635A8} = {0739063A-FC20-49ED-B750-D95F42BA2CA1}
		{56460286-7916-4E74-9D99-D71EEFCD9F72} = {0739063A-FC20-49ED-B750-D95F42BA2CA1}
		{D38575A5-5886-408F-91E4-2255DAE78ABA} = {0739063A-FC20-49ED-B750-D95F42BA2CA1}
		{179C0EC0-4D22-4E3B-A58D-E4681ECE24F9} = {0739063A-FC20-49ED-B750-D95F42BA2CA1}
		{BE1057BA-36E9-40C1-9D35-0194C1E4A208} = {0739063A-FC20-49ED-B750-D95F42BA2CA1}
		{F26FF386-8A86-4F8C-BB6C-0B8E57CAAAE3} = {0739063A-FC20-49ED-B750-D95F42BA2CA1}
		{9AA40E58-2182-46E4-9D64-7DDC51B7E229} = {0739063A-FC20-49ED-B750-D95F42BA2CA1}
		{0739063A-FC20-49ED-B750-D95F42BA2CA1} = {0B97082A-06B2-468C-9037-CADC43B08057}
		{E503796E-887A-4355-B518-1821A84DD15D} = {0B97082A-06B2-468C-9037-CADC43B08057}
		{5B7E0409-DB85-46BD-802F-DED5D952D216} = {0B97082A-06B2-468C-9037-CADC43B08057}
		{DD54E168-1CD2-49F7-B39B-68DDFC03A2A9} = {0739063A-FC20-49ED-B750-D95F42BA2CA1}
		{6941B739-7711-4469-8E7D-B8CAD550783F} = {0739063A-FC20-49ED-B750-D95F42BA2CA1}
		{41416D0D-5988-444D-A0C6-2295B557ED0D} = {0739063A-FC20-49ED-B750-D95F42BA2CA1}
		{7564FB3F-FC87-4137-83AF-EFE68E495766} = {0739063A-FC20-49ED-B750-D95F42BA2CA1}
		{28874868-212C-4C63-925F-642873E292FD} = {0739063A-FC20-49ED-B750-D95F42BA2CA1}
		{C438DFEE-BC7C-4083-8E32-03C5C6AEA3A1} = {0739063A-FC20-49ED-B750-D95F42BA2CA1}
		{53C0EF1F-9658-4CB5-BF39-0F381B13F5E2} = {0739063A-FC20-49ED-B750-D95F42BA2CA1}
		{4A74C32E-0D79-4451-A840-C1A8E2BBD1B6} = {0739063A-FC20-49ED-B750-D95F42BA2CA1}
		{36A18B9E-BBED-443F-AC81-44360BA7B375} = {0739063A-FC20-49ED-B750-D95F42BA2CA1}
		{7FF2C5C9-3DD0-4251-9265-941E572E35ED} = {E503796E-887A-4355-B518-1821A84DD15D}
		{FF2BBCD6-CA59-431E-8278-CAB541098DCE} = {0739063A-FC20-49ED-B750-D95F42BA2CA1}
		{6D117150-737A-4E31-90DB-BF6DF05FB1DD} = {468F5B98-7DDD-4288-8CF9-68B91A2872CB}
		{E0BE0D67-62C3-4060-93DC-A4E95458CBC4} = {0739063A-FC20-49ED-B750-D95F42BA2CA1}
		{F6BECA05-19AA-4811-B23F-277081FE22B5} = {0739063A-FC20-49ED-B750-D95F42BA2CA1}
		{C434F5D2-04A1-4479-ACC5-849BC0EA0535} = {0739063A-FC20-49ED-B750-D95F42BA2CA1}
		{468F5B98-7DDD-4288-8CF9-68B91A2872CB} = {0B97082A-06B2-468C-9037-CADC43B08057}
		{1A8F0025-6B91-4684-B58C-1CC92CF3EB86} = {0739063A-FC20-49ED-B750-D95F42BA2CA1}
		{BDFF6265-8D39-4D6C-950B-B638DAE24389} = {468F5B98-7DDD-4288-8CF9-68B91A2872CB}
		{9BFABEE3-C4A6-426C-B05F-0774D6A7F1CC} = {0739063A-FC20-49ED-B750-D95F42BA2CA1}
		{23B224F0-D694-4080-94E1-91E8ACAF2303} = {E503796E-887A-4355-B518-1821A84DD15D}
		{46D014A0-8DF6-4C25-92EB-5F5083DAD780} = {0739063A-FC20-49ED-B750-D95F42BA2CA1}
		{FE60B138-388D-47A4-B307-19FEBFB3E5FD} = {0739063A-FC20-49ED-B750-D95F42BA2CA1}
		{36AABC1C-985C-408A-9209-C1AC0F8F4B38} = {0739063A-FC20-49ED-B750-D95F42BA2CA1}
		{E6B0BD71-DB41-4265-A4A2-C3517EABB226} = {0739063A-FC20-49ED-B750-D95F42BA2CA1}
		{26CB801E-EDC5-4A3F-90C9-C4621F320804} = {5B7E0409-DB85-46BD-802F-DED5D952D216}
		{FF540B8D-DD76-4424-97E6-71DAD1C651ED} = {0739063A-FC20-49ED-B750-D95F42BA2CA1}
		{ADD93536-327B-4612-902A-0BFE1018EE22} = {0739063A-FC20-49ED-B750-D95F42BA2CA1}
		{B26393D2-8F6D-4742-AE0A-715C3A7087E4} = {0739063A-FC20-49ED-B750-D95F42BA2CA1}
		{F52CE6B1-4981-4349-95D0-3ABB985FA8D7} = {0739063A-FC20-49ED-B750-D95F42BA2CA1}
		{AB43A1F0-3C75-4C49-A685-E9B34561356E} = {0739063A-FC20-49ED-B750-D95F42BA2CA1}
		{6D27B3B0-3B59-4BB4-956E-8A3BE6ED799A} = {0739063A-FC20-49ED-B750-D95F42BA2CA1}
		{D67C5C65-BB60-4527-9888-A55EED4DC8D7} = {0739063A-FC20-49ED-B750-D95F42BA2CA1}
		{FEE74433-F9A9-45A7-84D0-D6210B2E96AC} = {468F5B98-7DDD-4288-8CF9-68B91A2872CB}
		{F64BAFC5-7E3E-4DB5-85E2-50A6B76A44DF} = {0739063A-FC20-49ED-B750-D95F42BA2CA1}
		{C0CAAF7B-8FB1-41AC-B9BC-C1443959358E} = {0739063A-FC20-49ED-B750-D95F42BA2CA1}
		{35E25AF0-C36E-4757-8F93-8192D22A6950} = {0739063A-FC20-49ED-B750-D95F42BA2CA1}
		{F7590765-8BC0-4BD0-AE62-55B5C523121B} = {0739063A-FC20-49ED-B750-D95F42BA2CA1}
		{869B23E2-79BD-411F-8A41-8BC764B5D664} = {0739063A-FC20-49ED-B750-D95F42BA2CA1}
		{EB30AC92-C3E9-4AE2-9BE8-142E87D97CD3} = {0739063A-FC20-49ED-B750-D95F42BA2CA1}
		{6AFA314A-34AB-4897-B61D-6234154CB39A} = {0739063A-FC20-49ED-B750-D95F42BA2CA1}
		{F7F369E1-A606-4BE0-A06A-7AEBFECA565C} = {0739063A-FC20-49ED-B750-D95F42BA2CA1}
		{CACA7DE5-8636-4666-B834-2040C3C5E451} = {0739063A-FC20-49ED-B750-D95F42BA2CA1}
		{163554D5-08F3-4AE3-8728-5CAF57CCD63D} = {0739063A-FC20-49ED-B750-D95F42BA2CA1}
		{E6B7C38E-1DE4-430E-8284-3A663C2D8C91} = {0739063A-FC20-49ED-B750-D95F42BA2CA1}
		{6D860EE7-BCDF-4BB9-BAF0-143E6BC3B504} = {0739063A-FC20-49ED-B750-D95F42BA2CA1}
		{60FFD1B0-4CB0-41F0-B63F-8A0065B23D95} = {0739063A-FC20-49ED-B750-D95F42BA2CA1}
		{20A5CAC4-E1EA-4769-BBC9-B96F1D2D8BA5} = {0739063A-FC20-49ED-B750-D95F42BA2CA1}
		{F092C23C-4C74-4B92-8740-ACE80C1CEB18} = {0739063A-FC20-49ED-B750-D95F42BA2CA1}
		{F97AE10C-805A-41DA-9C5A-004E817DD415} = {0739063A-FC20-49ED-B750-D95F42BA2CA1}
		{5E3A1DB9-6587-4DFB-8E5F-CBB9C1D044B2} = {0739063A-FC20-49ED-B750-D95F42BA2CA1}
		{CE0588BD-5985-4AF8-8C1F-7357979F8DD0} = {0739063A-FC20-49ED-B750-D95F42BA2CA1}
		{E5342083-0674-4762-8135-E74C0545DB25} = {0739063A-FC20-49ED-B750-D95F42BA2CA1}
		{4C218427-E7F1-4224-A608-F2416EEC0027} = {0739063A-FC20-49ED-B750-D95F42BA2CA1}
		{789321B6-328A-4752-A1A0-C3D8C18FE98A} = {0739063A-FC20-49ED-B750-D95F42BA2CA1}
		{444D8135-4A04-4609-B743-079400619729} = {0739063A-FC20-49ED-B750-D95F42BA2CA1}
		{DC3AD5AA-B675-40B0-8493-B929EE49F183} = {0739063A-FC20-49ED-B750-D95F42BA2CA1}
		{8D8C22A5-2097-45A2-AB88-3D2F3EA3A268} = {0739063A-FC20-49ED-B750-D95F42BA2CA1}
		{8BDD29D7-AD3B-49C0-BF22-36E37B771FBB} = {0739063A-FC20-49ED-B750-D95F42BA2CA1}
		{D73E1FCD-7C77-43F2-8A9C-14C7615BEDC4} = {0739063A-FC20-49ED-B750-D95F42BA2CA1}
		{0C99DA7F-FE52-4DC8-BAE9-BE381AA4CD21} = {0739063A-FC20-49ED-B750-D95F42BA2CA1}
		{FED31040-FC5B-4DDF-B962-20A4A97838AE} = {0739063A-FC20-49ED-B750-D95F42BA2CA1}
		{F9E8F9F0-39CD-42AD-B55E-1C812FCA62FC} = {0739063A-FC20-49ED-B750-D95F42BA2CA1}
		{3B2F6954-A27B-49A8-A9B3-DE32AC07C0F5} = {0739063A-FC20-49ED-B750-D95F42BA2CA1}
		{21C4425E-A2A4-4C63-A329-AFE8ECF9C318} = {0739063A-FC20-49ED-B750-D95F42BA2CA1}
		{FC47AB53-447D-4890-BF9D-CFB5CA19ADC8} = {0739063A-FC20-49ED-B750-D95F42BA2CA1}
		{555D816A-4193-406F-951C-097FA42F48D4} = {0739063A-FC20-49ED-B750-D95F42BA2CA1}
		{EF726AC0-42A5-4F76-AFC8-8712E82ABDB3} = {0739063A-FC20-49ED-B750-D95F42BA2CA1}
		{BB6500FD-DB65-4B11-8248-BC73C1FA4DC5} = {E503796E-887A-4355-B518-1821A84DD15D}
		{B32EC950-AB61-42B1-8E36-1F38D9E8AD98} = {E503796E-887A-4355-B518-1821A84DD15D}
		{09855326-C89A-4A96-BE5F-6CF97AAF610E} = {0739063A-FC20-49ED-B750-D95F42BA2CA1}
		{5F9DE524-D287-436A-B565-440B5D362D7D} = {E503796E-887A-4355-B518-1821A84DD15D}
		{7DE00683-1D64-4D94-AA63-FB8806551A1D} = {0739063A-FC20-49ED-B750-D95F42BA2CA1}
		{F43A3A6D-84D8-479F-9A35-B56E8E797C6E} = {0739063A-FC20-49ED-B750-D95F42BA2CA1}
		{A06B1989-F519-409D-95E6-3DEDE17722A7} = {0739063A-FC20-49ED-B750-D95F42BA2CA1}
		{BFEADDDE-B8B1-45B5-B029-C18B994273D9} = {0739063A-FC20-49ED-B750-D95F42BA2CA1}
		{5988E511-13E6-475C-A5FB-8DEE508F7728} = {0739063A-FC20-49ED-B750-D95F42BA2CA1}
		{8576DED1-B894-49CE-ABAB-67353C91A287} = {E503796E-887A-4355-B518-1821A84DD15D}
		{EDFBA600-7F5A-4DBC-818A-C7037DAC586A} = {0739063A-FC20-49ED-B750-D95F42BA2CA1}
		{3BF28F5C-6B7D-4A2B-99E3-EC051A58ED77} = {E503796E-887A-4355-B518-1821A84DD15D}
		{E636A398-D1B4-4659-ACCF-624FFCDA1A83} = {E503796E-887A-4355-B518-1821A84DD15D}
		{8A851165-0DF8-40DE-A35B-9B941CF77537} = {0739063A-FC20-49ED-B750-D95F42BA2CA1}
		{ECD3B539-7B96-4A98-B77F-AB34AA3ADA63} = {0739063A-FC20-49ED-B750-D95F42BA2CA1}
		{25C9E3B6-CCA7-485D-A8A9-3D818C84271F} = {0739063A-FC20-49ED-B750-D95F42BA2CA1}
		{F5E26C9A-8176-42D6-84F7-63B813BBEA70} = {0739063A-FC20-49ED-B750-D95F42BA2CA1}
		{88E60CEF-C10A-436A-9096-EF8B8E1FAFA2} = {E503796E-887A-4355-B518-1821A84DD15D}
		{1EE40AF5-5F8E-42E9-AB9C-E39D80A0D39A} = {5B7E0409-DB85-46BD-802F-DED5D952D216}
		{058CE265-9074-4CA3-B25F-62B70AC677C2} = {0739063A-FC20-49ED-B750-D95F42BA2CA1}
		{0DFC7D18-F8A5-4CC0-95B5-7DCF1DECFBD0} = {468F5B98-7DDD-4288-8CF9-68B91A2872CB}
		{3F3AE4E6-4AC0-4DAA-9E18-8754F38C3526} = {0739063A-FC20-49ED-B750-D95F42BA2CA1}
		{44C331C0-CF21-4241-B3D0-8B7CD5B07527} = {0739063A-FC20-49ED-B750-D95F42BA2CA1}
		{F7EFC8D9-FDC6-4085-A4C3-3E2E11F3DE59} = {E503796E-887A-4355-B518-1821A84DD15D}
		{609A6A2D-2BC0-4A98-BDB6-8100F2298FC8} = {E503796E-887A-4355-B518-1821A84DD15D}
		{AD8D125E-F3BC-4DF9-83AF-C232B268FD55} = {0739063A-FC20-49ED-B750-D95F42BA2CA1}
		{584C10D0-262E-4AC4-A403-B270F449B18A} = {0739063A-FC20-49ED-B750-D95F42BA2CA1}
		{6D8F1E2E-00B4-49AE-8CA7-F53646311B0D} = {0739063A-FC20-49ED-B750-D95F42BA2CA1}
		{0CA36E92-BE71-4726-BC0F-44E6A4D94873} = {0739063A-FC20-49ED-B750-D95F42BA2CA1}
		{3F56FA96-805F-4197-B9AC-2680E02E2A9A} = {0739063A-FC20-49ED-B750-D95F42BA2CA1}
		{332BDA98-DC87-4F3E-8DC8-F0CBB131A790} = {468F5B98-7DDD-4288-8CF9-68B91A2872CB}
		{64F9C50A-411C-4F0D-AD27-93D19244F6DD} = {0739063A-FC20-49ED-B750-D95F42BA2CA1}
		{A343B6A1-88B6-47E5-B9DA-384579406174} = {0739063A-FC20-49ED-B750-D95F42BA2CA1}
		{4F56342A-913F-40C4-B478-1138C5E0E00E} = {0739063A-FC20-49ED-B750-D95F42BA2CA1}
		{AD04C089-082D-4AAA-86AC-CE359E8B0853} = {0739063A-FC20-49ED-B750-D95F42BA2CA1}
		{1C718BAF-5300-4345-9885-C59F00F783A1} = {0739063A-FC20-49ED-B750-D95F42BA2CA1}
		{58F7EBFC-F5DE-4F03-9C93-61AD5AFF4CB7} = {0739063A-FC20-49ED-B750-D95F42BA2CA1}
		{F307B329-AE8E-4A64-8046-4D8F9C669BDE} = {0739063A-FC20-49ED-B750-D95F42BA2CA1}
		{7933939F-0E25-47EB-AD6A-36F8EA0A4B88} = {0739063A-FC20-49ED-B750-D95F42BA2CA1}
		{3EE0D448-E249-40B8-869F-17F5DBE08988} = {0739063A-FC20-49ED-B750-D95F42BA2CA1}
		{DDCE2DEF-839A-4AE1-9DBE-31A71F50828C} = {5B7E0409-DB85-46BD-802F-DED5D952D216}
		{7D86D591-F3CB-4EC6-893F-BFC720A283F3} = {0739063A-FC20-49ED-B750-D95F42BA2CA1}
		{2E956F86-2128-45F6-A5EE-6E121EDCB91B} = {0739063A-FC20-49ED-B750-D95F42BA2CA1}
		{EC11249C-84B8-4BF9-A04A-9955C7E3721C} = {0739063A-FC20-49ED-B750-D95F42BA2CA1}
		{951827A3-4D7E-458D-9C7E-3317720971A0} = {0739063A-FC20-49ED-B750-D95F42BA2CA1}
		{B66B2B5D-6C9C-4EAB-91AE-B062454C311A} = {0739063A-FC20-49ED-B750-D95F42BA2CA1}
		{D3B3360C-DF2B-4F37-B7BD-04D1F71CE4FE} = {0739063A-FC20-49ED-B750-D95F42BA2CA1}
		{26BC5DC0-7389-414C-902C-A82D66BDFA9B} = {0739063A-FC20-49ED-B750-D95F42BA2CA1}
	EndGlobalSection
	GlobalSection(ExtensibilityGlobals) = postSolution
		SolutionGuid = {1D57DF1A-BF39-4597-A717-E3C7B88B8691}
	EndGlobalSection
EndGlobal
